PODS:
  - CircleProgressBar (0.32)
  - CTMediator (48)
  - libxlsxwriter (1.1.5)
  - Masonry (1.1.0)
  - MBProgressHUD (1.2.0)
  - MJRefresh (3.7.6)
  - MKBaseBleModule (1.1.4)
  - MKBaseModuleLibrary (2.0.9):
    - MKBaseModuleLibrary/Base (= 2.0.9)
    - MKBaseModuleLibrary/Category (= 2.0.9)
    - MKBaseModuleLibrary/Defines (= 2.0.9)
    - MKBaseModuleLibrary/Tools (= 2.0.9)
  - MKBaseModuleLibrary/Base (2.0.9):
    - MKBaseModuleLibrary/Base/Cell (= 2.0.9)
    - MKBaseModuleLibrary/Base/Controller (= 2.0.9)
    - MKBaseModuleLibrary/Base/NavigationController (= 2.0.9)
    - MKBaseModuleLibrary/Base/View (= 2.0.9)
  - MKBaseModuleLibrary/Base/Cell (2.0.9):
    - MKBaseModuleLibrary/Base/Cell/MKBaseCell (= 2.0.9)
  - MKBaseModuleLibrary/Base/Cell/MKBaseCell (2.0.9):
    - Masonry
    - MKBaseModuleLibrary/Defines
  - MKBaseModuleLibrary/Base/Controller (2.0.9):
    - MKBaseModuleLibrary/Category
    - MKBaseModuleLibrary/Defines
    - WRNavigationBar
  - MKBaseModuleLibrary/Base/NavigationController (2.0.9)
  - MKBaseModuleLibrary/Base/View (2.0.9):
    - MKBaseModuleLibrary/Base/View/CollectionView (= 2.0.9)
    - MKBaseModuleLibrary/Base/View/TableView (= 2.0.9)
  - MKBaseModuleLibrary/Base/View/CollectionView (2.0.9)
  - MKBaseModuleLibrary/Base/View/TableView (2.0.9)
  - MKBaseModuleLibrary/Category (2.0.9):
    - MKBaseModuleLibrary/Defines
    - MKBaseModuleLibrary/Tools/MKClassInfo
    - Toast
  - MKBaseModuleLibrary/Defines (2.0.9)
  - MKBaseModuleLibrary/Tools (2.0.9):
    - MKBaseModuleLibrary/Tools/MKClassInfo (= 2.0.9)
    - MKBaseModuleLibrary/Tools/MKDateFormatter (= 2.0.9)
    - MKBaseModuleLibrary/Tools/MKExcelManager (= 2.0.9)
  - MKBaseModuleLibrary/Tools/MKClassInfo (2.0.9)
  - MKBaseModuleLibrary/Tools/MKDateFormatter (2.0.9)
  - MKBaseModuleLibrary/Tools/MKExcelManager (2.0.9):
    - libxlsxwriter
    - MKBaseModuleLibrary/Defines
    - SSZipArchive
  - MKCustomUIModule (2.1.0):
    - CircleProgressBar
    - Masonry
    - MBProgressHUD
    - MJRefresh
    - MKBaseModuleLibrary
    - MKCustomUIModule/Cell (= 2.1.0)
    - MKCustomUIModule/Controller (= 2.1.0)
    - MKCustomUIModule/MQTTServerView (= 2.1.0)
    - MKCustomUIModule/UIAdopter (= 2.1.0)
    - MKCustomUIModule/View (= 2.1.0)
  - MKCustomUIModule/Cell (2.1.0):
    - CircleProgressBar
    - Masonry
    - MBProgressHUD
    - MJRefresh
    - MKBaseModuleLibrary
    - MKCustomUIModule/Cell/LoRaCell (= 2.1.0)
    - MKCustomUIModule/Cell/NormalCell (= 2.1.0)
  - MKCustomUIModule/Cell/LoRaCell (2.1.0):
    - CircleProgressBar
    - Masonry
    - MBProgressHUD
    - MJRefresh
    - MKBaseModuleLibrary
    - MKCustomUIModule/Cell/LoRaCell/MKAdvancedSettingCell (= 2.1.0)
    - MKCustomUIModule/Cell/LoRaCell/MKFilterConditionCell (= 2.1.0)
    - MKCustomUIModule/Cell/LoRaCell/MKFilterDataCell (= 2.1.0)
    - MKCustomUIModule/Cell/LoRaCell/MKFilterRawAdvDataCell (= 2.1.0)
    - MKCustomUIModule/Cell/LoRaCell/MKLoRaSettingCHCell (= 2.1.0)
    - MKCustomUIModule/Cell/LoRaCell/MKMeasureTxPowerCell (= 2.1.0)
    - MKCustomUIModule/Cell/LoRaCell/MKMixedChoiceCell (= 2.1.0)
    - MKCustomUIModule/Cell/LoRaCell/MKRawAdvDataOperationCell (= 2.1.0)
  - MKCustomUIModule/Cell/LoRaCell/MKAdvancedSettingCell (2.1.0):
    - CircleProgressBar
    - Masonry
    - MBProgressHUD
    - MJRefresh
    - MKBaseModuleLibrary
  - MKCustomUIModule/Cell/LoRaCell/MKFilterConditionCell (2.1.0):
    - CircleProgressBar
    - Masonry
    - MBProgressHUD
    - MJRefresh
    - MKBaseModuleLibrary
    - MKCustomUIModule/UIAdopter
    - MKCustomUIModule/View/MKPickerView
  - MKCustomUIModule/Cell/LoRaCell/MKFilterDataCell (2.1.0):
    - CircleProgressBar
    - Masonry
    - MBProgressHUD
    - MJRefresh
    - MKBaseModuleLibrary
    - MKCustomUIModule/View/MKTextField
  - MKCustomUIModule/Cell/LoRaCell/MKFilterRawAdvDataCell (2.1.0):
    - CircleProgressBar
    - Masonry
    - MBProgressHUD
    - MJRefresh
    - MKBaseModuleLibrary
    - MKCustomUIModule/View/MKTextField
  - MKCustomUIModule/Cell/LoRaCell/MKLoRaSettingCHCell (2.1.0):
    - CircleProgressBar
    - Masonry
    - MBProgressHUD
    - MJRefresh
    - MKBaseModuleLibrary
    - MKCustomUIModule/View/MKPickerView
  - MKCustomUIModule/Cell/LoRaCell/MKMeasureTxPowerCell (2.1.0):
    - CircleProgressBar
    - Masonry
    - MBProgressHUD
    - MJRefresh
    - MKBaseModuleLibrary
    - MKCustomUIModule/UIAdopter
    - MKCustomUIModule/View/MKSlider
  - MKCustomUIModule/Cell/LoRaCell/MKMixedChoiceCell (2.1.0):
    - CircleProgressBar
    - Masonry
    - MBProgressHUD
    - MJRefresh
    - MKBaseModuleLibrary
  - MKCustomUIModule/Cell/LoRaCell/MKRawAdvDataOperationCell (2.1.0):
    - CircleProgressBar
    - Masonry
    - MBProgressHUD
    - MJRefresh
    - MKBaseModuleLibrary
  - MKCustomUIModule/Cell/NormalCell (2.1.0):
    - CircleProgressBar
    - Masonry
    - MBProgressHUD
    - MJRefresh
    - MKBaseModuleLibrary
    - MKCustomUIModule/Cell/NormalCell/MKButtonMsgCell (= 2.1.0)
    - MKCustomUIModule/Cell/NormalCell/MKNormalSliderCell (= 2.1.0)
    - MKCustomUIModule/Cell/NormalCell/MKNormalTextCell (= 2.1.0)
    - MKCustomUIModule/Cell/NormalCell/MKSettingTextCell (= 2.1.0)
    - MKCustomUIModule/Cell/NormalCell/MKTextButtonCell (= 2.1.0)
    - MKCustomUIModule/Cell/NormalCell/MKTextFieldCell (= 2.1.0)
    - MKCustomUIModule/Cell/NormalCell/MKTextSwitchCell (= 2.1.0)
  - MKCustomUIModule/Cell/NormalCell/MKButtonMsgCell (2.1.0):
    - CircleProgressBar
    - Masonry
    - MBProgressHUD
    - MJRefresh
    - MKBaseModuleLibrary
  - MKCustomUIModule/Cell/NormalCell/MKNormalSliderCell (2.1.0):
    - CircleProgressBar
    - Masonry
    - MBProgressHUD
    - MJRefresh
    - MKBaseModuleLibrary
    - MKCustomUIModule/UIAdopter
    - MKCustomUIModule/View/MKSlider
  - MKCustomUIModule/Cell/NormalCell/MKNormalTextCell (2.1.0):
    - CircleProgressBar
    - Masonry
    - MBProgressHUD
    - MJRefresh
    - MKBaseModuleLibrary
  - MKCustomUIModule/Cell/NormalCell/MKSettingTextCell (2.1.0):
    - CircleProgressBar
    - Masonry
    - MBProgressHUD
    - MJRefresh
    - MKBaseModuleLibrary
  - MKCustomUIModule/Cell/NormalCell/MKTextButtonCell (2.1.0):
    - CircleProgressBar
    - Masonry
    - MBProgressHUD
    - MJRefresh
    - MKBaseModuleLibrary
    - MKCustomUIModule/View/MKPickerView
  - MKCustomUIModule/Cell/NormalCell/MKTextFieldCell (2.1.0):
    - CircleProgressBar
    - Masonry
    - MBProgressHUD
    - MJRefresh
    - MKBaseModuleLibrary
    - MKCustomUIModule/View/MKTextField
  - MKCustomUIModule/Cell/NormalCell/MKTextSwitchCell (2.1.0):
    - CircleProgressBar
    - Masonry
    - MBProgressHUD
    - MJRefresh
    - MKBaseModuleLibrary
  - MKCustomUIModule/Controller (2.1.0):
    - CircleProgressBar
    - Masonry
    - MBProgressHUD
    - MJRefresh
    - MKBaseModuleLibrary
    - MKCustomUIModule/Controller/CASelectPage (= 2.1.0)
    - MKCustomUIModule/Controller/MKAboutPage (= 2.1.0)
    - MKCustomUIModule/Controller/MKAlertController (= 2.1.0)
    - MKCustomUIModule/Controller/MKTrackerAboutPage (= 2.1.0)
  - MKCustomUIModule/Controller/CASelectPage (2.1.0):
    - CircleProgressBar
    - Masonry
    - MBProgressHUD
    - MJRefresh
    - MKBaseModuleLibrary
    - MKCustomUIModule/Controller/CASelectPage/Controller (= 2.1.0)
  - MKCustomUIModule/Controller/CASelectPage/Controller (2.1.0):
    - CircleProgressBar
    - Masonry
    - MBProgressHUD
    - MJRefresh
    - MKBaseModuleLibrary
    - MKCustomUIModule/Cell/NormalCell/MKNormalTextCell
  - MKCustomUIModule/Controller/MKAboutPage (2.1.0):
    - CircleProgressBar
    - Masonry
    - MBProgressHUD
    - MJRefresh
    - MKBaseModuleLibrary
    - MKCustomUIModule/Controller/MKAboutPage/Controller (= 2.1.0)
    - MKCustomUIModule/Controller/MKAboutPage/Model (= 2.1.0)
    - MKCustomUIModule/Controller/MKAboutPage/View (= 2.1.0)
  - MKCustomUIModule/Controller/MKAboutPage/Controller (2.1.0):
    - CircleProgressBar
    - Masonry
    - MBProgressHUD
    - MJRefresh
    - MKBaseModuleLibrary
    - MKCustomUIModule/Controller/MKAboutPage/Model
    - MKCustomUIModule/Controller/MKAboutPage/View
  - MKCustomUIModule/Controller/MKAboutPage/Model (2.1.0):
    - CircleProgressBar
    - Masonry
    - MBProgressHUD
    - MJRefresh
    - MKBaseModuleLibrary
  - MKCustomUIModule/Controller/MKAboutPage/View (2.1.0):
    - CircleProgressBar
    - Masonry
    - MBProgressHUD
    - MJRefresh
    - MKBaseModuleLibrary
    - MKCustomUIModule/Controller/MKAboutPage/Model
  - MKCustomUIModule/Controller/MKAlertController (2.1.0):
    - CircleProgressBar
    - Masonry
    - MBProgressHUD
    - MJRefresh
    - MKBaseModuleLibrary
  - MKCustomUIModule/Controller/MKTrackerAboutPage (2.1.0):
    - CircleProgressBar
    - Masonry
    - MBProgressHUD
    - MJRefresh
    - MKBaseModuleLibrary
    - MKCustomUIModule/Controller/MKTrackerAboutPage/Controller (= 2.1.0)
  - MKCustomUIModule/Controller/MKTrackerAboutPage/Controller (2.1.0):
    - CircleProgressBar
    - Masonry
    - MBProgressHUD
    - MJRefresh
    - MKBaseModuleLibrary
  - MKCustomUIModule/MQTTServerView (2.1.0):
    - CircleProgressBar
    - Masonry
    - MBProgressHUD
    - MJRefresh
    - MKBaseModuleLibrary
    - MKCustomUIModule/MQTTServerView/GeneralParams (= 2.1.0)
    - MKCustomUIModule/MQTTServerView/SSL (= 2.1.0)
    - MKCustomUIModule/MQTTServerView/UserCredentials (= 2.1.0)
  - MKCustomUIModule/MQTTServerView/GeneralParams (2.1.0):
    - CircleProgressBar
    - Masonry
    - MBProgressHUD
    - MJRefresh
    - MKBaseModuleLibrary
    - MKCustomUIModule/View/MKTextField
  - MKCustomUIModule/MQTTServerView/SSL (2.1.0):
    - CircleProgressBar
    - Masonry
    - MBProgressHUD
    - MJRefresh
    - MKBaseModuleLibrary
  - MKCustomUIModule/MQTTServerView/UserCredentials (2.1.0):
    - CircleProgressBar
    - Masonry
    - MBProgressHUD
    - MJRefresh
    - MKBaseModuleLibrary
    - MKCustomUIModule/View/MKTextField
  - MKCustomUIModule/UIAdopter (2.1.0):
    - CircleProgressBar
    - Masonry
    - MBProgressHUD
    - MJRefresh
    - MKBaseModuleLibrary
    - MKCustomUIModule/View
  - MKCustomUIModule/View (2.1.0):
    - CircleProgressBar
    - Masonry
    - MBProgressHUD
    - MJRefresh
    - MKBaseModuleLibrary
    - MKCustomUIModule/View/HaveRefreshView (= 2.1.0)
    - MKCustomUIModule/View/MKAlertView (= 2.1.0)
    - MKCustomUIModule/View/MKHexKeyBoard (= 2.1.0)
    - MKCustomUIModule/View/MKHudManager (= 2.1.0)
    - MKCustomUIModule/View/MKPageControl (= 2.1.0)
    - MKCustomUIModule/View/MKPickerView (= 2.1.0)
    - MKCustomUIModule/View/MKProgressView (= 2.1.0)
    - MKCustomUIModule/View/MKSearchButton (= 2.1.0)
    - MKCustomUIModule/View/MKSearchConditionsView (= 2.1.0)
    - MKCustomUIModule/View/MKSlider (= 2.1.0)
    - MKCustomUIModule/View/MKTableSectionHeader (= 2.1.0)
    - MKCustomUIModule/View/MKTextField (= 2.1.0)
    - MKCustomUIModule/View/NirKxMenu (= 2.1.0)
    - MKCustomUIModule/View/WifiAlertView (= 2.1.0)
  - MKCustomUIModule/View/HaveRefreshView (2.1.0):
    - CircleProgressBar
    - Masonry
    - MBProgressHUD
    - MJRefresh
    - MKBaseModuleLibrary
  - MKCustomUIModule/View/MKAlertView (2.1.0):
    - CircleProgressBar
    - Masonry
    - MBProgressHUD
    - MJRefresh
    - MKBaseModuleLibrary
    - MKCustomUIModule/View/MKTextField
  - MKCustomUIModule/View/MKHexKeyBoard (2.1.0):
    - CircleProgressBar
    - Masonry
    - MBProgressHUD
    - MJRefresh
    - MKBaseModuleLibrary
  - MKCustomUIModule/View/MKHudManager (2.1.0):
    - CircleProgressBar
    - Masonry
    - MBProgressHUD
    - MJRefresh
    - MKBaseModuleLibrary
  - MKCustomUIModule/View/MKPageControl (2.1.0):
    - CircleProgressBar
    - Masonry
    - MBProgressHUD
    - MJRefresh
    - MKBaseModuleLibrary
  - MKCustomUIModule/View/MKPickerView (2.1.0):
    - CircleProgressBar
    - Masonry
    - MBProgressHUD
    - MJRefresh
    - MKBaseModuleLibrary
  - MKCustomUIModule/View/MKProgressView (2.1.0):
    - CircleProgressBar
    - Masonry
    - MBProgressHUD
    - MJRefresh
    - MKBaseModuleLibrary
  - MKCustomUIModule/View/MKSearchButton (2.1.0):
    - CircleProgressBar
    - Masonry
    - MBProgressHUD
    - MJRefresh
    - MKBaseModuleLibrary
  - MKCustomUIModule/View/MKSearchConditionsView (2.1.0):
    - CircleProgressBar
    - Masonry
    - MBProgressHUD
    - MJRefresh
    - MKBaseModuleLibrary
    - MKCustomUIModule/View/MKSlider
  - MKCustomUIModule/View/MKSlider (2.1.0):
    - CircleProgressBar
    - Masonry
    - MBProgressHUD
    - MJRefresh
    - MKBaseModuleLibrary
  - MKCustomUIModule/View/MKTableSectionHeader (2.1.0):
    - CircleProgressBar
    - Masonry
    - MBProgressHUD
    - MJRefresh
    - MKBaseModuleLibrary
  - MKCustomUIModule/View/MKTextField (2.1.0):
    - CircleProgressBar
    - Masonry
    - MBProgressHUD
    - MJRefresh
    - MKBaseModuleLibrary
  - MKCustomUIModule/View/NirKxMenu (2.1.0):
    - CircleProgressBar
    - Masonry
    - MBProgressHUD
    - MJRefresh
    - MKBaseModuleLibrary
  - MKCustomUIModule/View/WifiAlertView (2.1.0):
    - CircleProgressBar
    - Masonry
    - MBProgressHUD
    - MJRefresh
    - MKBaseModuleLibrary
    - MKCustomUIModule/View/MKTextField
  - MKNearbyInteraction (0.0.1):
    - MKNearbyInteraction/CTMediator (= 0.0.1)
    - MKNearbyInteraction/Expand (= 0.0.1)
    - MKNearbyInteraction/Functions (= 0.0.1)
    - MKNearbyInteraction/SDK (= 0.0.1)
    - MKNearbyInteraction/Target (= 0.0.1)
  - MKNearbyInteraction/CTMediator (0.0.1):
    - CTMediator
    - MKBaseModuleLibrary
  - MKNearbyInteraction/Expand (0.0.1):
    - MKBaseModuleLibrary
    - MKNearbyInteraction/Expand/EmitterLayerView (= 0.0.1)
    - MKNearbyInteraction/Expand/LoadingLabel (= 0.0.1)
    - MKNearbyInteraction/Expand/WaveView (= 0.0.1)
  - MKNearbyInteraction/Expand/EmitterLayerView (0.0.1):
    - MKBaseModuleLibrary
  - MKNearbyInteraction/Expand/LoadingLabel (0.0.1):
    - MKBaseModuleLibrary
  - MKNearbyInteraction/Expand/WaveView (0.0.1):
    - MKBaseModuleLibrary
  - MKNearbyInteraction/Functions (0.0.1):
    - MKBaseModuleLibrary
    - MKCustomUIModule
    - MKNearbyInteraction/CTMediator
    - MKNearbyInteraction/Expand
    - MKNearbyInteraction/Functions/AboutPage (= 0.0.1)
    - MKNearbyInteraction/Functions/MainDataPage (= 0.0.1)
    - MKNearbyInteraction/Functions/ScanPage (= 0.0.1)
    - MKNearbyInteraction/SDK
    - MLInputDodger
    - SDCycleScrollView (>= 1.82)
  - MKNearbyInteraction/Functions/AboutPage (0.0.1):
    - MKBaseModuleLibrary
    - MKCustomUIModule
    - MKNearbyInteraction/CTMediator
    - MKNearbyInteraction/Expand
    - MKNearbyInteraction/Functions/AboutPage/Controller (= 0.0.1)
    - MKNearbyInteraction/Functions/AboutPage/View (= 0.0.1)
    - MKNearbyInteraction/SDK
    - MLInputDodger
    - SDCycleScrollView (>= 1.82)
  - MKNearbyInteraction/Functions/AboutPage/Controller (0.0.1):
    - MKBaseModuleLibrary
    - MKCustomUIModule
    - MKNearbyInteraction/CTMediator
    - MKNearbyInteraction/Expand
    - MKNearbyInteraction/Functions/AboutPage/View
    - MKNearbyInteraction/SDK
    - MLInputDodger
    - SDCycleScrollView (>= 1.82)
  - MKNearbyInteraction/Functions/AboutPage/View (0.0.1):
    - MKBaseModuleLibrary
    - MKCustomUIModule
    - MKNearbyInteraction/CTMediator
    - MKNearbyInteraction/Expand
    - MKNearbyInteraction/SDK
    - MLInputDodger
    - SDCycleScrollView (>= 1.82)
  - MKNearbyInteraction/Functions/MainDataPage (0.0.1):
    - MKBaseModuleLibrary
    - MKCustomUIModule
    - MKNearbyInteraction/CTMediator
    - MKNearbyInteraction/Expand
    - MKNearbyInteraction/Functions/MainDataPage/Controller (= 0.0.1)
    - MKNearbyInteraction/Functions/MainDataPage/View (= 0.0.1)
    - MKNearbyInteraction/SDK
    - MLInputDodger
    - SDCycleScrollView (>= 1.82)
  - MKNearbyInteraction/Functions/MainDataPage/Controller (0.0.1):
    - MKBaseModuleLibrary
    - MKCustomUIModule
    - MKNearbyInteraction/CTMediator
    - MKNearbyInteraction/Expand
    - MKNearbyInteraction/Functions/MainDataPage/View
    - MKNearbyInteraction/SDK
    - MLInputDodger
    - SDCycleScrollView (>= 1.82)
  - MKNearbyInteraction/Functions/MainDataPage/View (0.0.1):
    - MKBaseModuleLibrary
    - MKCustomUIModule
    - MKNearbyInteraction/CTMediator
    - MKNearbyInteraction/Expand
    - MKNearbyInteraction/SDK
    - MLInputDodger
    - SDCycleScrollView (>= 1.82)
  - MKNearbyInteraction/Functions/ScanPage (0.0.1):
    - MKBaseModuleLibrary
    - MKCustomUIModule
    - MKNearbyInteraction/CTMediator
    - MKNearbyInteraction/Expand
    - MKNearbyInteraction/Functions/ScanPage/Controller (= 0.0.1)
    - MKNearbyInteraction/Functions/ScanPage/View (= 0.0.1)
    - MKNearbyInteraction/SDK
    - MLInputDodger
    - SDCycleScrollView (>= 1.82)
  - MKNearbyInteraction/Functions/ScanPage/Controller (0.0.1):
    - MKBaseModuleLibrary
    - MKCustomUIModule
    - MKNearbyInteraction/CTMediator
    - MKNearbyInteraction/Expand
    - MKNearbyInteraction/Functions/AboutPage/Controller
    - MKNearbyInteraction/Functions/MainDataPage/Controller
    - MKNearbyInteraction/Functions/ScanPage/View
    - MKNearbyInteraction/SDK
    - MLInputDodger
    - SDCycleScrollView (>= 1.82)
  - MKNearbyInteraction/Functions/ScanPage/View (0.0.1):
    - MKBaseModuleLibrary
    - MKCustomUIModule
    - MKNearbyInteraction/CTMediator
    - MKNearbyInteraction/Expand
    - MKNearbyInteraction/SDK
    - MLInputDodger
    - SDCycleScrollView (>= 1.82)
  - MKNearbyInteraction/SDK (0.0.1):
    - MKBaseBleModule
  - MKNearbyInteraction/Target (0.0.1):
    - MKBaseModuleLibrary
    - MKNearbyInteraction/Functions
  - MLInputDodger (1.5.2)
  - SDCycleScrollView (1.82):
    - SDWebImage (>= 5.0.0)
  - SDWebImage (5.18.7):
    - SDWebImage/Core (= 5.18.7)
  - SDWebImage/Core (5.18.7)
  - SSZipArchive (2.5.5)
  - Toast (4.0.0)
  - WRNavigationBar (1.4.0)

DEPENDENCIES:
  - MKNearbyInteraction (from `../`)

SPEC REPOS:
  https://github.com/CocoaPods/Specs.git:
    - CircleProgressBar
    - CTMediator
    - libxlsxwriter
    - Masonry
    - MBProgressHUD
    - MJRefresh
    - MKBaseBleModule
    - MKBaseModuleLibrary
    - MKCustomUIModule
    - MLInputDodger
    - SDCycleScrollView
    - SDWebImage
    - SSZipArchive
    - Toast
    - WRNavigationBar

EXTERNAL SOURCES:
  MKNearbyInteraction:
    :path: "../"

SPEC CHECKSUMS:
  CircleProgressBar: 3920079be5224b62b3d9ed6eeb23ac01c835b681
  CTMediator: 3f3578b525b3a46a7a2f92a99922ec40363f4269
  libxlsxwriter: 07cdc00cf0edb30ce9773efbbb49a03459a6e0f0
  Masonry: 678fab65091a9290e40e2832a55e7ab731aad201
  MBProgressHUD: 3ee5efcc380f6a79a7cc9b363dd669c5e1ae7406
  MJRefresh: 2fe7fb43a5167ceda20bb7e63f130c04fd1814a5
  MKBaseBleModule: 15aa067c4e408a473e025b1a768ebce00a7e5949
  MKBaseModuleLibrary: 2b79bcae588c755588413fbb643b510253271b23
  MKCustomUIModule: f97e2e007f84c5dee6cc0589b1dddce6d7f09351
  MKNearbyInteraction: 620b6c761873a004d9c958b25a9d842618e03e3d
  MLInputDodger: 79a0e420a80d0d3bba122bf2639603cc76609ba8
  SDCycleScrollView: a0d74c3384caa72bdfc81470bdbc8c14b3e1fbcf
  SDWebImage: f9258c58221ed854cfa0e2b80ee4033710b1c6d3
  SSZipArchive: c69881e8ac5521f0e622291387add5f60f30f3c4
  Toast: 91b396c56ee72a5790816f40d3a94dd357abc196
  WRNavigationBar: 10bfdf96addf14d640d07c2ef08a029c18d8af10

PODFILE CHECKSUM: 3f01583e05623484bdf52d067c1be8abebbbe1b9

COCOAPODS: 1.11.3
