PODS:
  - CircleProgressBar (0.32)
  - CocoaLumberjack (3.8.1):
    - CocoaLumberjack/Core (= 3.8.1)
  - CocoaLumberjack/Core (3.8.1)
  - libxlsxwriter (1.1.5)
  - Masonry (1.1.0)
  - MBProgressHUD (1.2.0)
  - MJRefresh (3.7.5)
  - MKBaseBleModule (1.1.4)
  - MKBaseModuleLibrary (1.1.8):
    - MKBaseModuleLibrary/Base (= 1.1.8)
    - MKBaseModuleLibrary/Category (= 1.1.8)
    - MKBaseModuleLibrary/Defines (= 1.1.8)
    - MKBaseModuleLibrary/Tools (= 1.1.8)
  - MKBaseModuleLibrary/Base (1.1.8):
    - MKBaseModuleLibrary/Base/Cell (= 1.1.8)
    - MKBaseModuleLibrary/Base/Controller (= 1.1.8)
    - MKBaseModuleLibrary/Base/NavigationController (= 1.1.8)
    - MKBaseModuleLibrary/Base/View (= 1.1.8)
  - MKBaseModuleLibrary/Base/Cell (1.1.8):
    - MKBaseModuleLibrary/Base/Cell/MKBaseCell (= 1.1.8)
  - MKBaseModuleLibrary/Base/Cell/MKBaseCell (1.1.8):
    - Masonry
    - MKBaseModuleLibrary/Defines
  - MKBaseModuleLibrary/Base/Controller (1.1.8):
    - MKBaseModuleLibrary/Category
    - MKBaseModuleLibrary/Defines
    - WRNavigationBar
  - MKBaseModuleLibrary/Base/NavigationController (1.1.8)
  - MKBaseModuleLibrary/Base/View (1.1.8):
    - MKBaseModuleLibrary/Base/View/CollectionView (= 1.1.8)
    - MKBaseModuleLibrary/Base/View/TableView (= 1.1.8)
  - MKBaseModuleLibrary/Base/View/CollectionView (1.1.8)
  - MKBaseModuleLibrary/Base/View/TableView (1.1.8)
  - MKBaseModuleLibrary/Category (1.1.8):
    - MKBaseModuleLibrary/Defines
    - MKBaseModuleLibrary/Tools/MKClassInfo
    - Toast
  - MKBaseModuleLibrary/Defines (1.1.8)
  - MKBaseModuleLibrary/Tools (1.1.8):
    - MKBaseModuleLibrary/Tools/MKClassInfo (= 1.1.8)
    - MKBaseModuleLibrary/Tools/MKDateFormatter (= 1.1.8)
    - MKBaseModuleLibrary/Tools/MKExcelManager (= 1.1.8)
    - MKBaseModuleLibrary/Tools/MKModuleManager (= 1.1.8)
  - MKBaseModuleLibrary/Tools/MKClassInfo (1.1.8)
  - MKBaseModuleLibrary/Tools/MKDateFormatter (1.1.8)
  - MKBaseModuleLibrary/Tools/MKExcelManager (1.1.8):
    - libxlsxwriter
    - MKBaseModuleLibrary/Defines
    - SSZipArchive
  - MKBaseModuleLibrary/Tools/MKModuleManager (1.1.8)
  - MKCustomUIModule (1.4.4):
    - CircleProgressBar
    - Masonry
    - MBProgressHUD
    - MJRefresh
    - MKBaseModuleLibrary
    - MKCustomUIModule/Cell (= 1.4.4)
    - MKCustomUIModule/Controller (= 1.4.4)
    - MKCustomUIModule/MQTTServerView (= 1.4.4)
    - MKCustomUIModule/UIAdopter (= 1.4.4)
    - MKCustomUIModule/View (= 1.4.4)
  - MKCustomUIModule/Cell (1.4.4):
    - CircleProgressBar
    - Masonry
    - MBProgressHUD
    - MJRefresh
    - MKBaseModuleLibrary
    - MKCustomUIModule/Cell/LoRaCell (= 1.4.4)
    - MKCustomUIModule/Cell/NormalCell (= 1.4.4)
  - MKCustomUIModule/Cell/LoRaCell (1.4.4):
    - CircleProgressBar
    - Masonry
    - MBProgressHUD
    - MJRefresh
    - MKBaseModuleLibrary
    - MKCustomUIModule/Cell/LoRaCell/MKAdvancedSettingCell (= 1.4.4)
    - MKCustomUIModule/Cell/LoRaCell/MKFilterConditionCell (= 1.4.4)
    - MKCustomUIModule/Cell/LoRaCell/MKFilterDataCell (= 1.4.4)
    - MKCustomUIModule/Cell/LoRaCell/MKFilterRawAdvDataCell (= 1.4.4)
    - MKCustomUIModule/Cell/LoRaCell/MKLoraDeviceTypeCell (= 1.4.4)
    - MKCustomUIModule/Cell/LoRaCell/MKLoRaSettingCHCell (= 1.4.4)
    - MKCustomUIModule/Cell/LoRaCell/MKMeasureTxPowerCell (= 1.4.4)
    - MKCustomUIModule/Cell/LoRaCell/MKMixedChoiceCell (= 1.4.4)
    - MKCustomUIModule/Cell/LoRaCell/MKRawAdvDataOperationCell (= 1.4.4)
  - MKCustomUIModule/Cell/LoRaCell/MKAdvancedSettingCell (1.4.4):
    - CircleProgressBar
    - Masonry
    - MBProgressHUD
    - MJRefresh
    - MKBaseModuleLibrary
  - MKCustomUIModule/Cell/LoRaCell/MKFilterConditionCell (1.4.4):
    - CircleProgressBar
    - Masonry
    - MBProgressHUD
    - MJRefresh
    - MKBaseModuleLibrary
    - MKCustomUIModule/UIAdopter
    - MKCustomUIModule/View/MKPickerView
  - MKCustomUIModule/Cell/LoRaCell/MKFilterDataCell (1.4.4):
    - CircleProgressBar
    - Masonry
    - MBProgressHUD
    - MJRefresh
    - MKBaseModuleLibrary
    - MKCustomUIModule/View/MKTextField
  - MKCustomUIModule/Cell/LoRaCell/MKFilterRawAdvDataCell (1.4.4):
    - CircleProgressBar
    - Masonry
    - MBProgressHUD
    - MJRefresh
    - MKBaseModuleLibrary
    - MKCustomUIModule/View/MKTextField
  - MKCustomUIModule/Cell/LoRaCell/MKLoraDeviceTypeCell (1.4.4):
    - CircleProgressBar
    - Masonry
    - MBProgressHUD
    - MJRefresh
    - MKBaseModuleLibrary
  - MKCustomUIModule/Cell/LoRaCell/MKLoRaSettingCHCell (1.4.4):
    - CircleProgressBar
    - Masonry
    - MBProgressHUD
    - MJRefresh
    - MKBaseModuleLibrary
    - MKCustomUIModule/View/MKPickerView
  - MKCustomUIModule/Cell/LoRaCell/MKMeasureTxPowerCell (1.4.4):
    - CircleProgressBar
    - Masonry
    - MBProgressHUD
    - MJRefresh
    - MKBaseModuleLibrary
    - MKCustomUIModule/UIAdopter
    - MKCustomUIModule/View/MKSlider
  - MKCustomUIModule/Cell/LoRaCell/MKMixedChoiceCell (1.4.4):
    - CircleProgressBar
    - Masonry
    - MBProgressHUD
    - MJRefresh
    - MKBaseModuleLibrary
  - MKCustomUIModule/Cell/LoRaCell/MKRawAdvDataOperationCell (1.4.4):
    - CircleProgressBar
    - Masonry
    - MBProgressHUD
    - MJRefresh
    - MKBaseModuleLibrary
  - MKCustomUIModule/Cell/NormalCell (1.4.4):
    - CircleProgressBar
    - Masonry
    - MBProgressHUD
    - MJRefresh
    - MKBaseModuleLibrary
    - MKCustomUIModule/Cell/NormalCell/MKButtonMsgCell (= 1.4.4)
    - MKCustomUIModule/Cell/NormalCell/MKNormalSliderCell (= 1.4.4)
    - MKCustomUIModule/Cell/NormalCell/MKNormalTextCell (= 1.4.4)
    - MKCustomUIModule/Cell/NormalCell/MKSettingTextCell (= 1.4.4)
    - MKCustomUIModule/Cell/NormalCell/MKTextButtonCell (= 1.4.4)
    - MKCustomUIModule/Cell/NormalCell/MKTextFieldCell (= 1.4.4)
    - MKCustomUIModule/Cell/NormalCell/MKTextSwitchCell (= 1.4.4)
  - MKCustomUIModule/Cell/NormalCell/MKButtonMsgCell (1.4.4):
    - CircleProgressBar
    - Masonry
    - MBProgressHUD
    - MJRefresh
    - MKBaseModuleLibrary
  - MKCustomUIModule/Cell/NormalCell/MKNormalSliderCell (1.4.4):
    - CircleProgressBar
    - Masonry
    - MBProgressHUD
    - MJRefresh
    - MKBaseModuleLibrary
    - MKCustomUIModule/UIAdopter
    - MKCustomUIModule/View/MKSlider
  - MKCustomUIModule/Cell/NormalCell/MKNormalTextCell (1.4.4):
    - CircleProgressBar
    - Masonry
    - MBProgressHUD
    - MJRefresh
    - MKBaseModuleLibrary
  - MKCustomUIModule/Cell/NormalCell/MKSettingTextCell (1.4.4):
    - CircleProgressBar
    - Masonry
    - MBProgressHUD
    - MJRefresh
    - MKBaseModuleLibrary
  - MKCustomUIModule/Cell/NormalCell/MKTextButtonCell (1.4.4):
    - CircleProgressBar
    - Masonry
    - MBProgressHUD
    - MJRefresh
    - MKBaseModuleLibrary
    - MKCustomUIModule/View/MKPickerView
  - MKCustomUIModule/Cell/NormalCell/MKTextFieldCell (1.4.4):
    - CircleProgressBar
    - Masonry
    - MBProgressHUD
    - MJRefresh
    - MKBaseModuleLibrary
    - MKCustomUIModule/View/MKTextField
  - MKCustomUIModule/Cell/NormalCell/MKTextSwitchCell (1.4.4):
    - CircleProgressBar
    - Masonry
    - MBProgressHUD
    - MJRefresh
    - MKBaseModuleLibrary
  - MKCustomUIModule/Controller (1.4.4):
    - CircleProgressBar
    - Masonry
    - MBProgressHUD
    - MJRefresh
    - MKBaseModuleLibrary
    - MKCustomUIModule/Controller/CASelectPage (= 1.4.4)
    - MKCustomUIModule/Controller/MKAboutPage (= 1.4.4)
    - MKCustomUIModule/Controller/MKAlertController (= 1.4.4)
    - MKCustomUIModule/Controller/MKTrackerAboutPage (= 1.4.4)
    - MKCustomUIModule/Controller/MKTrackerLogPage (= 1.4.4)
  - MKCustomUIModule/Controller/CASelectPage (1.4.4):
    - CircleProgressBar
    - Masonry
    - MBProgressHUD
    - MJRefresh
    - MKBaseModuleLibrary
    - MKCustomUIModule/Controller/CASelectPage/Controller (= 1.4.4)
  - MKCustomUIModule/Controller/CASelectPage/Controller (1.4.4):
    - CircleProgressBar
    - Masonry
    - MBProgressHUD
    - MJRefresh
    - MKBaseModuleLibrary
    - MKCustomUIModule/Cell/NormalCell/MKNormalTextCell
  - MKCustomUIModule/Controller/MKAboutPage (1.4.4):
    - CircleProgressBar
    - Masonry
    - MBProgressHUD
    - MJRefresh
    - MKBaseModuleLibrary
    - MKCustomUIModule/Controller/MKAboutPage/Controller (= 1.4.4)
    - MKCustomUIModule/Controller/MKAboutPage/Model (= 1.4.4)
    - MKCustomUIModule/Controller/MKAboutPage/View (= 1.4.4)
  - MKCustomUIModule/Controller/MKAboutPage/Controller (1.4.4):
    - CircleProgressBar
    - Masonry
    - MBProgressHUD
    - MJRefresh
    - MKBaseModuleLibrary
    - MKCustomUIModule/Controller/MKAboutPage/Model
    - MKCustomUIModule/Controller/MKAboutPage/View
  - MKCustomUIModule/Controller/MKAboutPage/Model (1.4.4):
    - CircleProgressBar
    - Masonry
    - MBProgressHUD
    - MJRefresh
    - MKBaseModuleLibrary
  - MKCustomUIModule/Controller/MKAboutPage/View (1.4.4):
    - CircleProgressBar
    - Masonry
    - MBProgressHUD
    - MJRefresh
    - MKBaseModuleLibrary
    - MKCustomUIModule/Controller/MKAboutPage/Model
  - MKCustomUIModule/Controller/MKAlertController (1.4.4):
    - CircleProgressBar
    - Masonry
    - MBProgressHUD
    - MJRefresh
    - MKBaseModuleLibrary
  - MKCustomUIModule/Controller/MKTrackerAboutPage (1.4.4):
    - CircleProgressBar
    - Masonry
    - MBProgressHUD
    - MJRefresh
    - MKBaseModuleLibrary
    - MKCustomUIModule/Controller/MKTrackerAboutPage/Controller (= 1.4.4)
  - MKCustomUIModule/Controller/MKTrackerAboutPage/Controller (1.4.4):
    - CircleProgressBar
    - Masonry
    - MBProgressHUD
    - MJRefresh
    - MKBaseModuleLibrary
  - MKCustomUIModule/Controller/MKTrackerLogPage (1.4.4):
    - CircleProgressBar
    - Masonry
    - MBProgressHUD
    - MJRefresh
    - MKBaseModuleLibrary
    - MKCustomUIModule/Controller/MKTrackerLogPage/Controller (= 1.4.4)
  - MKCustomUIModule/Controller/MKTrackerLogPage/Controller (1.4.4):
    - CircleProgressBar
    - Masonry
    - MBProgressHUD
    - MJRefresh
    - MKBaseModuleLibrary
  - MKCustomUIModule/MQTTServerView (1.4.4):
    - CircleProgressBar
    - Masonry
    - MBProgressHUD
    - MJRefresh
    - MKBaseModuleLibrary
    - MKCustomUIModule/MQTTServerView/GeneralParams (= 1.4.4)
    - MKCustomUIModule/MQTTServerView/SSL (= 1.4.4)
    - MKCustomUIModule/MQTTServerView/UserCredentials (= 1.4.4)
  - MKCustomUIModule/MQTTServerView/GeneralParams (1.4.4):
    - CircleProgressBar
    - Masonry
    - MBProgressHUD
    - MJRefresh
    - MKBaseModuleLibrary
    - MKCustomUIModule/View/MKTextField
  - MKCustomUIModule/MQTTServerView/SSL (1.4.4):
    - CircleProgressBar
    - Masonry
    - MBProgressHUD
    - MJRefresh
    - MKBaseModuleLibrary
  - MKCustomUIModule/MQTTServerView/UserCredentials (1.4.4):
    - CircleProgressBar
    - Masonry
    - MBProgressHUD
    - MJRefresh
    - MKBaseModuleLibrary
    - MKCustomUIModule/View/MKTextField
  - MKCustomUIModule/UIAdopter (1.4.4):
    - CircleProgressBar
    - Masonry
    - MBProgressHUD
    - MJRefresh
    - MKBaseModuleLibrary
    - MKCustomUIModule/View
  - MKCustomUIModule/View (1.4.4):
    - CircleProgressBar
    - Masonry
    - MBProgressHUD
    - MJRefresh
    - MKBaseModuleLibrary
    - MKCustomUIModule/View/HaveRefreshView (= 1.4.4)
    - MKCustomUIModule/View/MKAlertView (= 1.4.4)
    - MKCustomUIModule/View/MKHexKeyBoard (= 1.4.4)
    - MKCustomUIModule/View/MKHudManager (= 1.4.4)
    - MKCustomUIModule/View/MKPageControl (= 1.4.4)
    - MKCustomUIModule/View/MKPickerView (= 1.4.4)
    - MKCustomUIModule/View/MKProgressView (= 1.4.4)
    - MKCustomUIModule/View/MKSearchButton (= 1.4.4)
    - MKCustomUIModule/View/MKSearchConditionsView (= 1.4.4)
    - MKCustomUIModule/View/MKSlider (= 1.4.4)
    - MKCustomUIModule/View/MKTableSectionHeader (= 1.4.4)
    - MKCustomUIModule/View/MKTextField (= 1.4.4)
    - MKCustomUIModule/View/NirKxMenu (= 1.4.4)
    - MKCustomUIModule/View/WifiAlertView (= 1.4.4)
  - MKCustomUIModule/View/HaveRefreshView (1.4.4):
    - CircleProgressBar
    - Masonry
    - MBProgressHUD
    - MJRefresh
    - MKBaseModuleLibrary
  - MKCustomUIModule/View/MKAlertView (1.4.4):
    - CircleProgressBar
    - Masonry
    - MBProgressHUD
    - MJRefresh
    - MKBaseModuleLibrary
    - MKCustomUIModule/View/MKTextField
  - MKCustomUIModule/View/MKHexKeyBoard (1.4.4):
    - CircleProgressBar
    - Masonry
    - MBProgressHUD
    - MJRefresh
    - MKBaseModuleLibrary
  - MKCustomUIModule/View/MKHudManager (1.4.4):
    - CircleProgressBar
    - Masonry
    - MBProgressHUD
    - MJRefresh
    - MKBaseModuleLibrary
  - MKCustomUIModule/View/MKPageControl (1.4.4):
    - CircleProgressBar
    - Masonry
    - MBProgressHUD
    - MJRefresh
    - MKBaseModuleLibrary
  - MKCustomUIModule/View/MKPickerView (1.4.4):
    - CircleProgressBar
    - Masonry
    - MBProgressHUD
    - MJRefresh
    - MKBaseModuleLibrary
  - MKCustomUIModule/View/MKProgressView (1.4.4):
    - CircleProgressBar
    - Masonry
    - MBProgressHUD
    - MJRefresh
    - MKBaseModuleLibrary
  - MKCustomUIModule/View/MKSearchButton (1.4.4):
    - CircleProgressBar
    - Masonry
    - MBProgressHUD
    - MJRefresh
    - MKBaseModuleLibrary
  - MKCustomUIModule/View/MKSearchConditionsView (1.4.4):
    - CircleProgressBar
    - Masonry
    - MBProgressHUD
    - MJRefresh
    - MKBaseModuleLibrary
    - MKCustomUIModule/View/MKSlider
  - MKCustomUIModule/View/MKSlider (1.4.4):
    - CircleProgressBar
    - Masonry
    - MBProgressHUD
    - MJRefresh
    - MKBaseModuleLibrary
  - MKCustomUIModule/View/MKTableSectionHeader (1.4.4):
    - CircleProgressBar
    - Masonry
    - MBProgressHUD
    - MJRefresh
    - MKBaseModuleLibrary
  - MKCustomUIModule/View/MKTextField (1.4.4):
    - CircleProgressBar
    - Masonry
    - MBProgressHUD
    - MJRefresh
    - MKBaseModuleLibrary
  - MKCustomUIModule/View/NirKxMenu (1.4.4):
    - CircleProgressBar
    - Masonry
    - MBProgressHUD
    - MJRefresh
    - MKBaseModuleLibrary
  - MKCustomUIModule/View/WifiAlertView (1.4.4):
    - CircleProgressBar
    - Masonry
    - MBProgressHUD
    - MJRefresh
    - MKBaseModuleLibrary
    - MKCustomUIModule/View/MKTextField
  - MKNearbyInteraction (0.0.1):
    - MKBaseBleModule
    - MKBaseModuleLibrary
    - MKCustomUIModule
    - MLInputDodger
    - SVGKit
  - MLInputDodger (1.5.2)
  - SSZipArchive (2.4.3)
  - SVGKit (3.0.0):
    - CocoaLumberjack (~> 3.0)
  - Toast (4.0.0)
  - WRNavigationBar (1.4.0)

DEPENDENCIES:
  - MKNearbyInteraction (from `../`)

SPEC REPOS:
  https://github.com/CocoaPods/Specs.git:
    - CircleProgressBar
    - CocoaLumberjack
    - libxlsxwriter
    - Masonry
    - MBProgressHUD
    - MJRefresh
    - MKBaseBleModule
    - MKBaseModuleLibrary
    - MKCustomUIModule
    - MLInputDodger
    - SSZipArchive
    - SVGKit
    - Toast
    - WRNavigationBar

EXTERNAL SOURCES:
  MKNearbyInteraction:
    :path: "../"

SPEC CHECKSUMS:
  CircleProgressBar: 3920079be5224b62b3d9ed6eeb23ac01c835b681
  CocoaLumberjack: 5c7e64cdb877770859bddec4d3d5a0d7c9299df9
  libxlsxwriter: 07cdc00cf0edb30ce9773efbbb49a03459a6e0f0
  Masonry: 678fab65091a9290e40e2832a55e7ab731aad201
  MBProgressHUD: 3ee5efcc380f6a79a7cc9b363dd669c5e1ae7406
  MJRefresh: fdf5e979eb406a0341468932d1dfc8b7f9fce961
  MKBaseBleModule: 15aa067c4e408a473e025b1a768ebce00a7e5949
  MKBaseModuleLibrary: 8d0292b517d87552083f9180eeaa4569605707db
  MKCustomUIModule: 83b76a0ccd1ac855157091b389154bd6a309c414
  MKNearbyInteraction: f7e35b328c005ad4815cfa462ece6d61bc1f490b
  MLInputDodger: 79a0e420a80d0d3bba122bf2639603cc76609ba8
  SSZipArchive: fe6a26b2a54d5a0890f2567b5cc6de5caa600aef
  SVGKit: 1ad7513f8c74d9652f94ed64ddecda1a23864dea
  Toast: 91b396c56ee72a5790816f40d3a94dd357abc196
  WRNavigationBar: 10bfdf96addf14d640d07c2ef08a029c18d8af10

PODFILE CHECKSUM: 3d776b7083e3e6c9e35a38fbd16187baa88da81f

COCOAPODS: 1.11.3
