// !$*UTF8*$!
{
	archiveVersion = 1;
	classes = {
	};
	objectVersion = 46;
	objects = {

/* Begin PBXBuildFile section */
		00565DF02AFF88E70013501D /* UIImage+Rotation.m in Sources */ = {isa = PBXBuildFile; fileRef = 00565DDB2AFF88E70013501D /* UIImage+Rotation.m */; };
		00565DF12AFF88E70013501D /* MKScanController.m in Sources */ = {isa = PBXBuildFile; fileRef = 00565DDF2AFF88E70013501D /* MKScanController.m */; };
		0095D4B72B185DF900EE189E /* MKNBMainDataController.m in Sources */ = {isa = PBXBuildFile; fileRef = 0095D4B62B185DF900EE189E /* MKNBMainDataController.m */; };
		0095D4BA2B1860D500EE189E /* MKNBMainDataView.m in Sources */ = {isa = PBXBuildFile; fileRef = 0095D4B92B1860D500EE189E /* MKNBMainDataView.m */; };
		0095D4BD2B18724300EE189E /* MKNBCirclePatternView.m in Sources */ = {isa = PBXBuildFile; fileRef = 0095D4BC2B18724300EE189E /* MKNBCirclePatternView.m */; };
		009AFE1B2B16E2AE00119397 /* clearButtonIcon@3x.png in Resources */ = {isa = PBXBuildFile; fileRef = 009AFE192B16E2AE00119397 /* clearButtonIcon@3x.png */; };
		009AFE1C2B16E2AE00119397 /* clearButtonIcon@2x.png in Resources */ = {isa = PBXBuildFile; fileRef = 009AFE1A2B16E2AE00119397 /* clearButtonIcon@2x.png */; };
		009AFE1F2B16E57900119397 /* deviceIcon@2x.png in Resources */ = {isa = PBXBuildFile; fileRef = 009AFE1D2B16E57900119397 /* deviceIcon@2x.png */; };
		009AFE202B16E57900119397 /* deviceIcon@3x.png in Resources */ = {isa = PBXBuildFile; fileRef = 009AFE1E2B16E57900119397 /* deviceIcon@3x.png */; };
		009AFE322B17461C00119397 /* nearbyApplication1@2x.png in Resources */ = {isa = PBXBuildFile; fileRef = 009AFE282B17461C00119397 /* nearbyApplication1@2x.png */; };
		009AFE332B17461C00119397 /* nearbyApplication2@2x.png in Resources */ = {isa = PBXBuildFile; fileRef = 009AFE292B17461C00119397 /* nearbyApplication2@2x.png */; };
		009AFE342B17461C00119397 /* nearbyApplication4@3x.png in Resources */ = {isa = PBXBuildFile; fileRef = 009AFE2A2B17461C00119397 /* nearbyApplication4@3x.png */; };
		009AFE352B17461C00119397 /* nearbyApplication5@2x.png in Resources */ = {isa = PBXBuildFile; fileRef = 009AFE2B2B17461C00119397 /* nearbyApplication5@2x.png */; };
		009AFE362B17461C00119397 /* nearbyApplication2@3x.png in Resources */ = {isa = PBXBuildFile; fileRef = 009AFE2C2B17461C00119397 /* nearbyApplication2@3x.png */; };
		009AFE372B17461C00119397 /* nearbyApplication3@3x.png in Resources */ = {isa = PBXBuildFile; fileRef = 009AFE2D2B17461C00119397 /* nearbyApplication3@3x.png */; };
		009AFE382B17461C00119397 /* nearbyApplication1@3x.png in Resources */ = {isa = PBXBuildFile; fileRef = 009AFE2E2B17461C00119397 /* nearbyApplication1@3x.png */; };
		009AFE392B17461C00119397 /* nearbyApplication5@3x.png in Resources */ = {isa = PBXBuildFile; fileRef = 009AFE2F2B17461C00119397 /* nearbyApplication5@3x.png */; };
		009AFE3A2B17461C00119397 /* nearbyApplication3@2x.png in Resources */ = {isa = PBXBuildFile; fileRef = 009AFE302B17461C00119397 /* nearbyApplication3@2x.png */; };
		009AFE3B2B17461C00119397 /* nearbyApplication4@2x.png in Resources */ = {isa = PBXBuildFile; fileRef = 009AFE312B17461C00119397 /* nearbyApplication4@2x.png */; };
		009B06FD2B1EBF1600130DA8 /* MKNBAddHeaderView.m in Sources */ = {isa = PBXBuildFile; fileRef = 009B06FC2B1EBF1600130DA8 /* MKNBAddHeaderView.m */; };
		009B07002B1EC21000130DA8 /* MKNBAddNearbyCell.m in Sources */ = {isa = PBXBuildFile; fileRef = 009B06FF2B1EC21000130DA8 /* MKNBAddNearbyCell.m */; };
		009B0A252B1F226F00130DA8 /* closeIcon@3x.png in Resources */ = {isa = PBXBuildFile; fileRef = 009B07012B1F226E00130DA8 /* closeIcon@3x.png */; };
		009B0D472B1F226F00130DA8 /* closeIcon@2x.png in Resources */ = {isa = PBXBuildFile; fileRef = 009B0A242B1F226F00130DA8 /* closeIcon@2x.png */; };
		009BC1C92B1D795400AA3112 /* white_Arrow@2x.png in Resources */ = {isa = PBXBuildFile; fileRef = 009BC1C72B1D795400AA3112 /* white_Arrow@2x.png */; };
		009BC1CA2B1D795400AA3112 /* white_Arrow@3x.png in Resources */ = {isa = PBXBuildFile; fileRef = 009BC1C82B1D795400AA3112 /* white_Arrow@3x.png */; };
		009BC1CD2B1D79AB00AA3112 /* MKNBArrowView.m in Sources */ = {isa = PBXBuildFile; fileRef = 009BC1CC2B1D79AB00AA3112 /* MKNBArrowView.m */; };
		009D310D2B244B3200BEEF90 /* startButtonIcon@3x.png in Resources */ = {isa = PBXBuildFile; fileRef = 009D310B2B244B3200BEEF90 /* startButtonIcon@3x.png */; };
		009D310E2B244B3200BEEF90 /* startButtonIcon@2x.png in Resources */ = {isa = PBXBuildFile; fileRef = 009D310C2B244B3200BEEF90 /* startButtonIcon@2x.png */; };
		009D31142B244ECA00BEEF90 /* MKNBAboutCell.m in Sources */ = {isa = PBXBuildFile; fileRef = 009D31132B244ECA00BEEF90 /* MKNBAboutCell.m */; };
		009D31172B244ED900BEEF90 /* MKNBAboutController.m in Sources */ = {isa = PBXBuildFile; fileRef = 009D31162B244ED900BEEF90 /* MKNBAboutController.m */; };
		009D31222B24509600BEEF90 /* rightAboutIcon@3x.png in Resources */ = {isa = PBXBuildFile; fileRef = 009D31182B24509600BEEF90 /* rightAboutIcon@3x.png */; };
		009D31232B24509600BEEF90 /* faxIcon@3x.png in Resources */ = {isa = PBXBuildFile; fileRef = 009D31192B24509600BEEF90 /* faxIcon@3x.png */; };
		009D31242B24509600BEEF90 /* rightAboutIcon@2x.png in Resources */ = {isa = PBXBuildFile; fileRef = 009D311A2B24509600BEEF90 /* rightAboutIcon@2x.png */; };
		009D31252B24509600BEEF90 /* faxIcon@2x.png in Resources */ = {isa = PBXBuildFile; fileRef = 009D311B2B24509600BEEF90 /* faxIcon@2x.png */; };
		009D31262B24509600BEEF90 /* addUsIcon@3x.png in Resources */ = {isa = PBXBuildFile; fileRef = 009D311C2B24509600BEEF90 /* addUsIcon@3x.png */; };
		009D31272B24509600BEEF90 /* aboutIcon@3x.png in Resources */ = {isa = PBXBuildFile; fileRef = 009D311D2B24509600BEEF90 /* aboutIcon@3x.png */; };
		009D31282B24509600BEEF90 /* aboutIcon@2x.png in Resources */ = {isa = PBXBuildFile; fileRef = 009D311E2B24509600BEEF90 /* aboutIcon@2x.png */; };
		009D31292B24509600BEEF90 /* shouceIcon@2x.png in Resources */ = {isa = PBXBuildFile; fileRef = 009D311F2B24509600BEEF90 /* shouceIcon@2x.png */; };
		009D312A2B24509600BEEF90 /* addUsIcon@2x.png in Resources */ = {isa = PBXBuildFile; fileRef = 009D31202B24509600BEEF90 /* addUsIcon@2x.png */; };
		009D312B2B24509600BEEF90 /* shouceIcon@3x.png in Resources */ = {isa = PBXBuildFile; fileRef = 009D31212B24509600BEEF90 /* shouceIcon@3x.png */; };
		00A002CA2B215ECE00247122 /* MKNBCommonTools.m in Sources */ = {isa = PBXBuildFile; fileRef = 00A002C92B215ECE00247122 /* MKNBCommonTools.m */; };
		00A005F12B21647B00247122 /* elevation_icon@2x.png in Resources */ = {isa = PBXBuildFile; fileRef = 00A002CB2B21647A00247122 /* elevation_icon@2x.png */; };
		00A005F22B21647B00247122 /* elevation_icon@3x.png in Resources */ = {isa = PBXBuildFile; fileRef = 00A002CC2B21647A00247122 /* elevation_icon@3x.png */; };
		00A005F32B21647B00247122 /* azimuth_icon@2x.png in Resources */ = {isa = PBXBuildFile; fileRef = 00A002CD2B21647A00247122 /* azimuth_icon@2x.png */; };
		00A009152B21647C00247122 /* azimuth_icon@3x.png in Resources */ = {isa = PBXBuildFile; fileRef = 00A005F02B21647B00247122 /* azimuth_icon@3x.png */; };
		00A0091D2B217C5700247122 /* MKNBWaterWaveView.m in Sources */ = {isa = PBXBuildFile; fileRef = 00A0091C2B217C5700247122 /* MKNBWaterWaveView.m */; };
		00A009212B217C8600247122 /* MKNBLoadingLabel.m in Sources */ = {isa = PBXBuildFile; fileRef = 00A009202B217C8600247122 /* MKNBLoadingLabel.m */; };
		00A009242B2180E300247122 /* close_icon@2x.png in Resources */ = {isa = PBXBuildFile; fileRef = 00A009222B2180E300247122 /* close_icon@2x.png */; };
		00A009252B2180E300247122 /* close_icon@3x.png in Resources */ = {isa = PBXBuildFile; fileRef = 00A009232B2180E300247122 /* close_icon@3x.png */; };
		00A009292B21989800247122 /* EmitterLayerView.m in Sources */ = {isa = PBXBuildFile; fileRef = 00A009282B21989800247122 /* EmitterLayerView.m */; };
		00A0092C2B21992E00247122 /* MKNBErrorView.m in Sources */ = {isa = PBXBuildFile; fileRef = 00A0092B2B21992E00247122 /* MKNBErrorView.m */; };
		00A009312B219D3C00247122 /* snow_white_icon@3x.png in Resources */ = {isa = PBXBuildFile; fileRef = 00A0092D2B219D3B00247122 /* snow_white_icon@3x.png */; };
		00A009322B219D3C00247122 /* snow_black_icon@3x.png in Resources */ = {isa = PBXBuildFile; fileRef = 00A0092E2B219D3B00247122 /* snow_black_icon@3x.png */; };
		00A009332B219D3C00247122 /* snow_white_icon@2x.png in Resources */ = {isa = PBXBuildFile; fileRef = 00A0092F2B219D3B00247122 /* snow_white_icon@2x.png */; };
		00A009342B219D3C00247122 /* snow_black_icon@2x.png in Resources */ = {isa = PBXBuildFile; fileRef = 00A009302B219D3C00247122 /* snow_black_icon@2x.png */; };
		00B1954F2B148AD800E4BF4A /* MKNBAddNearbyView.m in Sources */ = {isa = PBXBuildFile; fileRef = 00B1954E2B148AD800E4BF4A /* MKNBAddNearbyView.m */; };
		00B883422B036B6B00246B17 /* switchSelectedIcon@3x.png in Resources */ = {isa = PBXBuildFile; fileRef = 00B8833E2B036B6B00246B17 /* switchSelectedIcon@3x.png */; };
		00B883432B036B6B00246B17 /* switchUnselectedIcon@2x.png in Resources */ = {isa = PBXBuildFile; fileRef = 00B8833F2B036B6B00246B17 /* switchUnselectedIcon@2x.png */; };
		00B883442B036B6B00246B17 /* switchUnselectedIcon@3x.png in Resources */ = {isa = PBXBuildFile; fileRef = 00B883402B036B6B00246B17 /* switchUnselectedIcon@3x.png */; };
		00B883452B036B6B00246B17 /* switchSelectedIcon@2x.png in Resources */ = {isa = PBXBuildFile; fileRef = 00B883412B036B6B00246B17 /* switchSelectedIcon@2x.png */; };
		6003F58E195388D20070C39A /* Foundation.framework in Frameworks */ = {isa = PBXBuildFile; fileRef = 6003F58D195388D20070C39A /* Foundation.framework */; };
		6003F590195388D20070C39A /* CoreGraphics.framework in Frameworks */ = {isa = PBXBuildFile; fileRef = 6003F58F195388D20070C39A /* CoreGraphics.framework */; };
		6003F592195388D20070C39A /* UIKit.framework in Frameworks */ = {isa = PBXBuildFile; fileRef = 6003F591195388D20070C39A /* UIKit.framework */; };
		6003F598195388D20070C39A /* InfoPlist.strings in Resources */ = {isa = PBXBuildFile; fileRef = 6003F596195388D20070C39A /* InfoPlist.strings */; };
		6003F59A195388D20070C39A /* main.m in Sources */ = {isa = PBXBuildFile; fileRef = 6003F599195388D20070C39A /* main.m */; };
		6003F59E195388D20070C39A /* MKAppDelegate.m in Sources */ = {isa = PBXBuildFile; fileRef = 6003F59D195388D20070C39A /* MKAppDelegate.m */; };
		6003F5A9195388D20070C39A /* Images.xcassets in Resources */ = {isa = PBXBuildFile; fileRef = 6003F5A8195388D20070C39A /* Images.xcassets */; };
		6003F5B0195388D20070C39A /* XCTest.framework in Frameworks */ = {isa = PBXBuildFile; fileRef = 6003F5AF195388D20070C39A /* XCTest.framework */; };
		6003F5B1195388D20070C39A /* Foundation.framework in Frameworks */ = {isa = PBXBuildFile; fileRef = 6003F58D195388D20070C39A /* Foundation.framework */; };
		6003F5B2195388D20070C39A /* UIKit.framework in Frameworks */ = {isa = PBXBuildFile; fileRef = 6003F591195388D20070C39A /* UIKit.framework */; };
		6003F5BA195388D20070C39A /* InfoPlist.strings in Resources */ = {isa = PBXBuildFile; fileRef = 6003F5B8195388D20070C39A /* InfoPlist.strings */; };
		6003F5BC195388D20070C39A /* Tests.m in Sources */ = {isa = PBXBuildFile; fileRef = 6003F5BB195388D20070C39A /* Tests.m */; };
		71719F9F1E33DC2100824A3D /* LaunchScreen.storyboard in Resources */ = {isa = PBXBuildFile; fileRef = 71719F9D1E33DC2100824A3D /* LaunchScreen.storyboard */; };
		93983747001CB746C8ACE270 /* Pods_MKNearbyInteraction_Example.framework in Frameworks */ = {isa = PBXBuildFile; fileRef = 81E5C4B35AFAE010FAF4D259 /* Pods_MKNearbyInteraction_Example.framework */; };
/* End PBXBuildFile section */

/* Begin PBXContainerItemProxy section */
		6003F5B3195388D20070C39A /* PBXContainerItemProxy */ = {
			isa = PBXContainerItemProxy;
			containerPortal = 6003F582195388D10070C39A /* Project object */;
			proxyType = 1;
			remoteGlobalIDString = 6003F589195388D20070C39A;
			remoteInfo = MKNearbyInteraction;
		};
/* End PBXContainerItemProxy section */

/* Begin PBXFileReference section */
		00565DDA2AFF88E70013501D /* UIImage+Rotation.h */ = {isa = PBXFileReference; fileEncoding = 4; lastKnownFileType = sourcecode.c.h; path = "UIImage+Rotation.h"; sourceTree = "<group>"; };
		00565DDB2AFF88E70013501D /* UIImage+Rotation.m */ = {isa = PBXFileReference; fileEncoding = 4; lastKnownFileType = sourcecode.c.objc; path = "UIImage+Rotation.m"; sourceTree = "<group>"; };
		00565DDF2AFF88E70013501D /* MKScanController.m */ = {isa = PBXFileReference; fileEncoding = 4; lastKnownFileType = sourcecode.c.objc; path = MKScanController.m; sourceTree = "<group>"; };
		00565DE02AFF88E70013501D /* MKScanController.h */ = {isa = PBXFileReference; fileEncoding = 4; lastKnownFileType = sourcecode.c.h; path = MKScanController.h; sourceTree = "<group>"; };
		0095D4B52B185DF900EE189E /* MKNBMainDataController.h */ = {isa = PBXFileReference; lastKnownFileType = sourcecode.c.h; path = MKNBMainDataController.h; sourceTree = "<group>"; };
		0095D4B62B185DF900EE189E /* MKNBMainDataController.m */ = {isa = PBXFileReference; lastKnownFileType = sourcecode.c.objc; path = MKNBMainDataController.m; sourceTree = "<group>"; };
		0095D4B82B1860D500EE189E /* MKNBMainDataView.h */ = {isa = PBXFileReference; lastKnownFileType = sourcecode.c.h; path = MKNBMainDataView.h; sourceTree = "<group>"; };
		0095D4B92B1860D500EE189E /* MKNBMainDataView.m */ = {isa = PBXFileReference; lastKnownFileType = sourcecode.c.objc; path = MKNBMainDataView.m; sourceTree = "<group>"; };
		0095D4BB2B18724300EE189E /* MKNBCirclePatternView.h */ = {isa = PBXFileReference; lastKnownFileType = sourcecode.c.h; path = MKNBCirclePatternView.h; sourceTree = "<group>"; };
		0095D4BC2B18724300EE189E /* MKNBCirclePatternView.m */ = {isa = PBXFileReference; lastKnownFileType = sourcecode.c.objc; path = MKNBCirclePatternView.m; sourceTree = "<group>"; };
		009AFE192B16E2AE00119397 /* clearButtonIcon@3x.png */ = {isa = PBXFileReference; lastKnownFileType = image.png; path = "clearButtonIcon@3x.png"; sourceTree = "<group>"; };
		009AFE1A2B16E2AE00119397 /* clearButtonIcon@2x.png */ = {isa = PBXFileReference; lastKnownFileType = image.png; path = "clearButtonIcon@2x.png"; sourceTree = "<group>"; };
		009AFE1D2B16E57900119397 /* deviceIcon@2x.png */ = {isa = PBXFileReference; lastKnownFileType = image.png; path = "deviceIcon@2x.png"; sourceTree = "<group>"; };
		009AFE1E2B16E57900119397 /* deviceIcon@3x.png */ = {isa = PBXFileReference; lastKnownFileType = image.png; path = "deviceIcon@3x.png"; sourceTree = "<group>"; };
		009AFE282B17461C00119397 /* nearbyApplication1@2x.png */ = {isa = PBXFileReference; lastKnownFileType = image.png; path = "nearbyApplication1@2x.png"; sourceTree = "<group>"; };
		009AFE292B17461C00119397 /* nearbyApplication2@2x.png */ = {isa = PBXFileReference; lastKnownFileType = image.png; path = "nearbyApplication2@2x.png"; sourceTree = "<group>"; };
		009AFE2A2B17461C00119397 /* nearbyApplication4@3x.png */ = {isa = PBXFileReference; lastKnownFileType = image.png; path = "nearbyApplication4@3x.png"; sourceTree = "<group>"; };
		009AFE2B2B17461C00119397 /* nearbyApplication5@2x.png */ = {isa = PBXFileReference; lastKnownFileType = image.png; path = "nearbyApplication5@2x.png"; sourceTree = "<group>"; };
		009AFE2C2B17461C00119397 /* nearbyApplication2@3x.png */ = {isa = PBXFileReference; lastKnownFileType = image.png; path = "nearbyApplication2@3x.png"; sourceTree = "<group>"; };
		009AFE2D2B17461C00119397 /* nearbyApplication3@3x.png */ = {isa = PBXFileReference; lastKnownFileType = image.png; path = "nearbyApplication3@3x.png"; sourceTree = "<group>"; };
		009AFE2E2B17461C00119397 /* nearbyApplication1@3x.png */ = {isa = PBXFileReference; lastKnownFileType = image.png; path = "nearbyApplication1@3x.png"; sourceTree = "<group>"; };
		009AFE2F2B17461C00119397 /* nearbyApplication5@3x.png */ = {isa = PBXFileReference; lastKnownFileType = image.png; path = "nearbyApplication5@3x.png"; sourceTree = "<group>"; };
		009AFE302B17461C00119397 /* nearbyApplication3@2x.png */ = {isa = PBXFileReference; lastKnownFileType = image.png; path = "nearbyApplication3@2x.png"; sourceTree = "<group>"; };
		009AFE312B17461C00119397 /* nearbyApplication4@2x.png */ = {isa = PBXFileReference; lastKnownFileType = image.png; path = "nearbyApplication4@2x.png"; sourceTree = "<group>"; };
		009B06FB2B1EBF1600130DA8 /* MKNBAddHeaderView.h */ = {isa = PBXFileReference; lastKnownFileType = sourcecode.c.h; path = MKNBAddHeaderView.h; sourceTree = "<group>"; };
		009B06FC2B1EBF1600130DA8 /* MKNBAddHeaderView.m */ = {isa = PBXFileReference; lastKnownFileType = sourcecode.c.objc; path = MKNBAddHeaderView.m; sourceTree = "<group>"; };
		009B06FE2B1EC21000130DA8 /* MKNBAddNearbyCell.h */ = {isa = PBXFileReference; lastKnownFileType = sourcecode.c.h; path = MKNBAddNearbyCell.h; sourceTree = "<group>"; };
		009B06FF2B1EC21000130DA8 /* MKNBAddNearbyCell.m */ = {isa = PBXFileReference; lastKnownFileType = sourcecode.c.objc; path = MKNBAddNearbyCell.m; sourceTree = "<group>"; };
		009B07012B1F226E00130DA8 /* closeIcon@3x.png */ = {isa = PBXFileReference; lastKnownFileType = image.png; path = "closeIcon@3x.png"; sourceTree = "<group>"; };
		009B0A242B1F226F00130DA8 /* closeIcon@2x.png */ = {isa = PBXFileReference; lastKnownFileType = image.png; path = "closeIcon@2x.png"; sourceTree = "<group>"; };
		009BC1C72B1D795400AA3112 /* white_Arrow@2x.png */ = {isa = PBXFileReference; lastKnownFileType = image.png; path = "white_Arrow@2x.png"; sourceTree = "<group>"; };
		009BC1C82B1D795400AA3112 /* white_Arrow@3x.png */ = {isa = PBXFileReference; lastKnownFileType = image.png; path = "white_Arrow@3x.png"; sourceTree = "<group>"; };
		009BC1CB2B1D79AB00AA3112 /* MKNBArrowView.h */ = {isa = PBXFileReference; lastKnownFileType = sourcecode.c.h; path = MKNBArrowView.h; sourceTree = "<group>"; };
		009BC1CC2B1D79AB00AA3112 /* MKNBArrowView.m */ = {isa = PBXFileReference; lastKnownFileType = sourcecode.c.objc; path = MKNBArrowView.m; sourceTree = "<group>"; };
		009D310B2B244B3200BEEF90 /* startButtonIcon@3x.png */ = {isa = PBXFileReference; lastKnownFileType = image.png; path = "startButtonIcon@3x.png"; sourceTree = "<group>"; };
		009D310C2B244B3200BEEF90 /* startButtonIcon@2x.png */ = {isa = PBXFileReference; lastKnownFileType = image.png; path = "startButtonIcon@2x.png"; sourceTree = "<group>"; };
		009D31122B244ECA00BEEF90 /* MKNBAboutCell.h */ = {isa = PBXFileReference; lastKnownFileType = sourcecode.c.h; path = MKNBAboutCell.h; sourceTree = "<group>"; };
		009D31132B244ECA00BEEF90 /* MKNBAboutCell.m */ = {isa = PBXFileReference; lastKnownFileType = sourcecode.c.objc; path = MKNBAboutCell.m; sourceTree = "<group>"; };
		009D31152B244ED900BEEF90 /* MKNBAboutController.h */ = {isa = PBXFileReference; lastKnownFileType = sourcecode.c.h; path = MKNBAboutController.h; sourceTree = "<group>"; };
		009D31162B244ED900BEEF90 /* MKNBAboutController.m */ = {isa = PBXFileReference; lastKnownFileType = sourcecode.c.objc; path = MKNBAboutController.m; sourceTree = "<group>"; };
		009D31182B24509600BEEF90 /* rightAboutIcon@3x.png */ = {isa = PBXFileReference; lastKnownFileType = image.png; path = "rightAboutIcon@3x.png"; sourceTree = "<group>"; };
		009D31192B24509600BEEF90 /* faxIcon@3x.png */ = {isa = PBXFileReference; lastKnownFileType = image.png; path = "faxIcon@3x.png"; sourceTree = "<group>"; };
		009D311A2B24509600BEEF90 /* rightAboutIcon@2x.png */ = {isa = PBXFileReference; lastKnownFileType = image.png; path = "rightAboutIcon@2x.png"; sourceTree = "<group>"; };
		009D311B2B24509600BEEF90 /* faxIcon@2x.png */ = {isa = PBXFileReference; lastKnownFileType = image.png; path = "faxIcon@2x.png"; sourceTree = "<group>"; };
		009D311C2B24509600BEEF90 /* addUsIcon@3x.png */ = {isa = PBXFileReference; lastKnownFileType = image.png; path = "addUsIcon@3x.png"; sourceTree = "<group>"; };
		009D311D2B24509600BEEF90 /* aboutIcon@3x.png */ = {isa = PBXFileReference; lastKnownFileType = image.png; path = "aboutIcon@3x.png"; sourceTree = "<group>"; };
		009D311E2B24509600BEEF90 /* aboutIcon@2x.png */ = {isa = PBXFileReference; lastKnownFileType = image.png; path = "aboutIcon@2x.png"; sourceTree = "<group>"; };
		009D311F2B24509600BEEF90 /* shouceIcon@2x.png */ = {isa = PBXFileReference; lastKnownFileType = image.png; path = "shouceIcon@2x.png"; sourceTree = "<group>"; };
		009D31202B24509600BEEF90 /* addUsIcon@2x.png */ = {isa = PBXFileReference; lastKnownFileType = image.png; path = "addUsIcon@2x.png"; sourceTree = "<group>"; };
		009D31212B24509600BEEF90 /* shouceIcon@3x.png */ = {isa = PBXFileReference; lastKnownFileType = image.png; path = "shouceIcon@3x.png"; sourceTree = "<group>"; };
		00A002C82B215ECE00247122 /* MKNBCommonTools.h */ = {isa = PBXFileReference; lastKnownFileType = sourcecode.c.h; path = MKNBCommonTools.h; sourceTree = "<group>"; };
		00A002C92B215ECE00247122 /* MKNBCommonTools.m */ = {isa = PBXFileReference; lastKnownFileType = sourcecode.c.objc; path = MKNBCommonTools.m; sourceTree = "<group>"; };
		00A002CB2B21647A00247122 /* elevation_icon@2x.png */ = {isa = PBXFileReference; lastKnownFileType = image.png; path = "elevation_icon@2x.png"; sourceTree = "<group>"; };
		00A002CC2B21647A00247122 /* elevation_icon@3x.png */ = {isa = PBXFileReference; lastKnownFileType = image.png; path = "elevation_icon@3x.png"; sourceTree = "<group>"; };
		00A002CD2B21647A00247122 /* azimuth_icon@2x.png */ = {isa = PBXFileReference; lastKnownFileType = image.png; path = "azimuth_icon@2x.png"; sourceTree = "<group>"; };
		00A005F02B21647B00247122 /* azimuth_icon@3x.png */ = {isa = PBXFileReference; lastKnownFileType = image.png; path = "azimuth_icon@3x.png"; sourceTree = "<group>"; };
		00A0091B2B217C5700247122 /* MKNBWaterWaveView.h */ = {isa = PBXFileReference; fileEncoding = 4; lastKnownFileType = sourcecode.c.h; path = MKNBWaterWaveView.h; sourceTree = "<group>"; };
		00A0091C2B217C5700247122 /* MKNBWaterWaveView.m */ = {isa = PBXFileReference; fileEncoding = 4; lastKnownFileType = sourcecode.c.objc; path = MKNBWaterWaveView.m; sourceTree = "<group>"; };
		00A0091F2B217C8600247122 /* MKNBLoadingLabel.h */ = {isa = PBXFileReference; lastKnownFileType = sourcecode.c.h; path = MKNBLoadingLabel.h; sourceTree = "<group>"; };
		00A009202B217C8600247122 /* MKNBLoadingLabel.m */ = {isa = PBXFileReference; lastKnownFileType = sourcecode.c.objc; path = MKNBLoadingLabel.m; sourceTree = "<group>"; };
		00A009222B2180E300247122 /* close_icon@2x.png */ = {isa = PBXFileReference; lastKnownFileType = image.png; path = "close_icon@2x.png"; sourceTree = "<group>"; };
		00A009232B2180E300247122 /* close_icon@3x.png */ = {isa = PBXFileReference; lastKnownFileType = image.png; path = "close_icon@3x.png"; sourceTree = "<group>"; };
		00A009272B21989800247122 /* EmitterLayerView.h */ = {isa = PBXFileReference; lastKnownFileType = sourcecode.c.h; path = EmitterLayerView.h; sourceTree = "<group>"; };
		00A009282B21989800247122 /* EmitterLayerView.m */ = {isa = PBXFileReference; lastKnownFileType = sourcecode.c.objc; path = EmitterLayerView.m; sourceTree = "<group>"; };
		00A0092A2B21992E00247122 /* MKNBErrorView.h */ = {isa = PBXFileReference; lastKnownFileType = sourcecode.c.h; path = MKNBErrorView.h; sourceTree = "<group>"; };
		00A0092B2B21992E00247122 /* MKNBErrorView.m */ = {isa = PBXFileReference; lastKnownFileType = sourcecode.c.objc; path = MKNBErrorView.m; sourceTree = "<group>"; };
		00A0092D2B219D3B00247122 /* snow_white_icon@3x.png */ = {isa = PBXFileReference; lastKnownFileType = image.png; path = "snow_white_icon@3x.png"; sourceTree = "<group>"; };
		00A0092E2B219D3B00247122 /* snow_black_icon@3x.png */ = {isa = PBXFileReference; lastKnownFileType = image.png; path = "snow_black_icon@3x.png"; sourceTree = "<group>"; };
		00A0092F2B219D3B00247122 /* snow_white_icon@2x.png */ = {isa = PBXFileReference; lastKnownFileType = image.png; path = "snow_white_icon@2x.png"; sourceTree = "<group>"; };
		00A009302B219D3C00247122 /* snow_black_icon@2x.png */ = {isa = PBXFileReference; lastKnownFileType = image.png; path = "snow_black_icon@2x.png"; sourceTree = "<group>"; };
		00B1954D2B148AD800E4BF4A /* MKNBAddNearbyView.h */ = {isa = PBXFileReference; lastKnownFileType = sourcecode.c.h; path = MKNBAddNearbyView.h; sourceTree = "<group>"; };
		00B1954E2B148AD800E4BF4A /* MKNBAddNearbyView.m */ = {isa = PBXFileReference; lastKnownFileType = sourcecode.c.objc; path = MKNBAddNearbyView.m; sourceTree = "<group>"; };
		00B8833E2B036B6B00246B17 /* switchSelectedIcon@3x.png */ = {isa = PBXFileReference; lastKnownFileType = image.png; path = "switchSelectedIcon@3x.png"; sourceTree = "<group>"; };
		00B8833F2B036B6B00246B17 /* switchUnselectedIcon@2x.png */ = {isa = PBXFileReference; lastKnownFileType = image.png; path = "switchUnselectedIcon@2x.png"; sourceTree = "<group>"; };
		00B883402B036B6B00246B17 /* switchUnselectedIcon@3x.png */ = {isa = PBXFileReference; lastKnownFileType = image.png; path = "switchUnselectedIcon@3x.png"; sourceTree = "<group>"; };
		00B883412B036B6B00246B17 /* switchSelectedIcon@2x.png */ = {isa = PBXFileReference; lastKnownFileType = image.png; path = "switchSelectedIcon@2x.png"; sourceTree = "<group>"; };
		00D71B962B00BE7B00549F9F /* NearbyInteraction.framework */ = {isa = PBXFileReference; lastKnownFileType = wrapper.framework; name = NearbyInteraction.framework; path = System/Library/Frameworks/NearbyInteraction.framework; sourceTree = SDKROOT; };
		00D71B982B00BE8D00549F9F /* RealityFoundation.framework */ = {isa = PBXFileReference; lastKnownFileType = wrapper.framework; name = RealityFoundation.framework; path = System/Library/Frameworks/RealityFoundation.framework; sourceTree = SDKROOT; };
		00D71B992B00BE8D00549F9F /* RealityKit.framework */ = {isa = PBXFileReference; lastKnownFileType = wrapper.framework; name = RealityKit.framework; path = System/Library/Frameworks/RealityKit.framework; sourceTree = SDKROOT; };
		58738F0DD22B07492F53FDAD /* Pods-MKNearbyInteraction_Example.release.xcconfig */ = {isa = PBXFileReference; includeInIndex = 1; lastKnownFileType = text.xcconfig; name = "Pods-MKNearbyInteraction_Example.release.xcconfig"; path = "Target Support Files/Pods-MKNearbyInteraction_Example/Pods-MKNearbyInteraction_Example.release.xcconfig"; sourceTree = "<group>"; };
		5DE0DD97AFED6BDBBA84C411 /* Pods-MKNearbyInteraction_Example.debug.xcconfig */ = {isa = PBXFileReference; includeInIndex = 1; lastKnownFileType = text.xcconfig; name = "Pods-MKNearbyInteraction_Example.debug.xcconfig"; path = "Target Support Files/Pods-MKNearbyInteraction_Example/Pods-MKNearbyInteraction_Example.debug.xcconfig"; sourceTree = "<group>"; };
		6003F58A195388D20070C39A /* MKNearbyInteraction_Example.app */ = {isa = PBXFileReference; explicitFileType = wrapper.application; includeInIndex = 0; path = MKNearbyInteraction_Example.app; sourceTree = BUILT_PRODUCTS_DIR; };
		6003F58D195388D20070C39A /* Foundation.framework */ = {isa = PBXFileReference; lastKnownFileType = wrapper.framework; name = Foundation.framework; path = System/Library/Frameworks/Foundation.framework; sourceTree = SDKROOT; };
		6003F58F195388D20070C39A /* CoreGraphics.framework */ = {isa = PBXFileReference; lastKnownFileType = wrapper.framework; name = CoreGraphics.framework; path = System/Library/Frameworks/CoreGraphics.framework; sourceTree = SDKROOT; };
		6003F591195388D20070C39A /* UIKit.framework */ = {isa = PBXFileReference; lastKnownFileType = wrapper.framework; name = UIKit.framework; path = System/Library/Frameworks/UIKit.framework; sourceTree = SDKROOT; };
		6003F595195388D20070C39A /* MKNearbyInteraction-Info.plist */ = {isa = PBXFileReference; lastKnownFileType = text.plist.xml; path = "MKNearbyInteraction-Info.plist"; sourceTree = "<group>"; };
		6003F597195388D20070C39A /* en */ = {isa = PBXFileReference; lastKnownFileType = text.plist.strings; name = en; path = en.lproj/InfoPlist.strings; sourceTree = "<group>"; };
		6003F599195388D20070C39A /* main.m */ = {isa = PBXFileReference; lastKnownFileType = sourcecode.c.objc; path = main.m; sourceTree = "<group>"; };
		6003F59B195388D20070C39A /* MKNearbyInteraction-Prefix.pch */ = {isa = PBXFileReference; lastKnownFileType = sourcecode.c.h; path = "MKNearbyInteraction-Prefix.pch"; sourceTree = "<group>"; };
		6003F59C195388D20070C39A /* MKAppDelegate.h */ = {isa = PBXFileReference; lastKnownFileType = sourcecode.c.h; path = MKAppDelegate.h; sourceTree = "<group>"; };
		6003F59D195388D20070C39A /* MKAppDelegate.m */ = {isa = PBXFileReference; lastKnownFileType = sourcecode.c.objc; path = MKAppDelegate.m; sourceTree = "<group>"; };
		6003F5A8195388D20070C39A /* Images.xcassets */ = {isa = PBXFileReference; lastKnownFileType = folder.assetcatalog; path = Images.xcassets; sourceTree = "<group>"; };
		6003F5AE195388D20070C39A /* MKNearbyInteraction_Tests.xctest */ = {isa = PBXFileReference; explicitFileType = wrapper.cfbundle; includeInIndex = 0; path = MKNearbyInteraction_Tests.xctest; sourceTree = BUILT_PRODUCTS_DIR; };
		6003F5AF195388D20070C39A /* XCTest.framework */ = {isa = PBXFileReference; lastKnownFileType = wrapper.framework; name = XCTest.framework; path = Library/Frameworks/XCTest.framework; sourceTree = DEVELOPER_DIR; };
		6003F5B7195388D20070C39A /* Tests-Info.plist */ = {isa = PBXFileReference; lastKnownFileType = text.plist.xml; path = "Tests-Info.plist"; sourceTree = "<group>"; };
		6003F5B9195388D20070C39A /* en */ = {isa = PBXFileReference; lastKnownFileType = text.plist.strings; name = en; path = en.lproj/InfoPlist.strings; sourceTree = "<group>"; };
		6003F5BB195388D20070C39A /* Tests.m */ = {isa = PBXFileReference; lastKnownFileType = sourcecode.c.objc; path = Tests.m; sourceTree = "<group>"; };
		606FC2411953D9B200FFA9A0 /* Tests-Prefix.pch */ = {isa = PBXFileReference; lastKnownFileType = sourcecode.c.h; path = "Tests-Prefix.pch"; sourceTree = "<group>"; };
		71719F9E1E33DC2100824A3D /* Base */ = {isa = PBXFileReference; lastKnownFileType = file.storyboard; name = Base; path = Base.lproj/LaunchScreen.storyboard; sourceTree = "<group>"; };
		81E5C4B35AFAE010FAF4D259 /* Pods_MKNearbyInteraction_Example.framework */ = {isa = PBXFileReference; explicitFileType = wrapper.framework; includeInIndex = 0; path = Pods_MKNearbyInteraction_Example.framework; sourceTree = BUILT_PRODUCTS_DIR; };
		842E51EE39DCBC09F4208E70 /* MKNearbyInteraction.podspec */ = {isa = PBXFileReference; includeInIndex = 1; lastKnownFileType = text; name = MKNearbyInteraction.podspec; path = ../MKNearbyInteraction.podspec; sourceTree = "<group>"; xcLanguageSpecificationIdentifier = xcode.lang.ruby; };
		856A32DA2FD19DDCE78BC428 /* LICENSE */ = {isa = PBXFileReference; includeInIndex = 1; lastKnownFileType = text; name = LICENSE; path = ../LICENSE; sourceTree = "<group>"; };
		A9EA15E586D52106162DD025 /* README.md */ = {isa = PBXFileReference; includeInIndex = 1; lastKnownFileType = net.daringfireball.markdown; name = README.md; path = ../README.md; sourceTree = "<group>"; };
		FB7DE1E7E234391C4EEECAD0 /* Pods-MKNearbyInteraction_Example.adhoc.xcconfig */ = {isa = PBXFileReference; includeInIndex = 1; lastKnownFileType = text.xcconfig; name = "Pods-MKNearbyInteraction_Example.adhoc.xcconfig"; path = "Target Support Files/Pods-MKNearbyInteraction_Example/Pods-MKNearbyInteraction_Example.adhoc.xcconfig"; sourceTree = "<group>"; };
/* End PBXFileReference section */

/* Begin PBXFrameworksBuildPhase section */
		6003F587195388D20070C39A /* Frameworks */ = {
			isa = PBXFrameworksBuildPhase;
			buildActionMask = 2147483647;
			files = (
				6003F590195388D20070C39A /* CoreGraphics.framework in Frameworks */,
				6003F592195388D20070C39A /* UIKit.framework in Frameworks */,
				6003F58E195388D20070C39A /* Foundation.framework in Frameworks */,
				93983747001CB746C8ACE270 /* Pods_MKNearbyInteraction_Example.framework in Frameworks */,
			);
			runOnlyForDeploymentPostprocessing = 0;
		};
		6003F5AB195388D20070C39A /* Frameworks */ = {
			isa = PBXFrameworksBuildPhase;
			buildActionMask = 2147483647;
			files = (
				6003F5B0195388D20070C39A /* XCTest.framework in Frameworks */,
				6003F5B2195388D20070C39A /* UIKit.framework in Frameworks */,
				6003F5B1195388D20070C39A /* Foundation.framework in Frameworks */,
			);
			runOnlyForDeploymentPostprocessing = 0;
		};
/* End PBXFrameworksBuildPhase section */

/* Begin PBXGroup section */
		00565DD22AFF88E70013501D /* Resource */ = {
			isa = PBXGroup;
			children = (
				009D311E2B24509600BEEF90 /* aboutIcon@2x.png */,
				009D311D2B24509600BEEF90 /* aboutIcon@3x.png */,
				009D31202B24509600BEEF90 /* addUsIcon@2x.png */,
				009D311C2B24509600BEEF90 /* addUsIcon@3x.png */,
				009D311B2B24509600BEEF90 /* faxIcon@2x.png */,
				009D31192B24509600BEEF90 /* faxIcon@3x.png */,
				009D311A2B24509600BEEF90 /* rightAboutIcon@2x.png */,
				009D31182B24509600BEEF90 /* rightAboutIcon@3x.png */,
				009D311F2B24509600BEEF90 /* shouceIcon@2x.png */,
				009D31212B24509600BEEF90 /* shouceIcon@3x.png */,
				009D310C2B244B3200BEEF90 /* startButtonIcon@2x.png */,
				009D310B2B244B3200BEEF90 /* startButtonIcon@3x.png */,
				00A009302B219D3C00247122 /* snow_black_icon@2x.png */,
				00A0092E2B219D3B00247122 /* snow_black_icon@3x.png */,
				00A0092F2B219D3B00247122 /* snow_white_icon@2x.png */,
				00A0092D2B219D3B00247122 /* snow_white_icon@3x.png */,
				00A009222B2180E300247122 /* close_icon@2x.png */,
				00A009232B2180E300247122 /* close_icon@3x.png */,
				00A002CD2B21647A00247122 /* azimuth_icon@2x.png */,
				00A005F02B21647B00247122 /* azimuth_icon@3x.png */,
				00A002CB2B21647A00247122 /* elevation_icon@2x.png */,
				00A002CC2B21647A00247122 /* elevation_icon@3x.png */,
				009B0A242B1F226F00130DA8 /* closeIcon@2x.png */,
				009B07012B1F226E00130DA8 /* closeIcon@3x.png */,
				009BC1C72B1D795400AA3112 /* white_Arrow@2x.png */,
				009BC1C82B1D795400AA3112 /* white_Arrow@3x.png */,
				009AFE282B17461C00119397 /* nearbyApplication1@2x.png */,
				009AFE2E2B17461C00119397 /* nearbyApplication1@3x.png */,
				009AFE292B17461C00119397 /* nearbyApplication2@2x.png */,
				009AFE2C2B17461C00119397 /* nearbyApplication2@3x.png */,
				009AFE302B17461C00119397 /* nearbyApplication3@2x.png */,
				009AFE2D2B17461C00119397 /* nearbyApplication3@3x.png */,
				009AFE312B17461C00119397 /* nearbyApplication4@2x.png */,
				009AFE2A2B17461C00119397 /* nearbyApplication4@3x.png */,
				009AFE2B2B17461C00119397 /* nearbyApplication5@2x.png */,
				009AFE2F2B17461C00119397 /* nearbyApplication5@3x.png */,
				009AFE1D2B16E57900119397 /* deviceIcon@2x.png */,
				009AFE1E2B16E57900119397 /* deviceIcon@3x.png */,
				009AFE1A2B16E2AE00119397 /* clearButtonIcon@2x.png */,
				009AFE192B16E2AE00119397 /* clearButtonIcon@3x.png */,
				00B883412B036B6B00246B17 /* switchSelectedIcon@2x.png */,
				00B8833E2B036B6B00246B17 /* switchSelectedIcon@3x.png */,
				00B8833F2B036B6B00246B17 /* switchUnselectedIcon@2x.png */,
				00B883402B036B6B00246B17 /* switchUnselectedIcon@3x.png */,
			);
			path = Resource;
			sourceTree = "<group>";
		};
		00565DD82AFF88E70013501D /* Expand */ = {
			isa = PBXGroup;
			children = (
				00A009262B21988E00247122 /* EmitterLayerView */,
				00A0091E2B217C6100247122 /* LoadingLabel */,
				00A0091A2B217C5700247122 /* WaveView */,
				00A002C72B215EC400247122 /* CommonTools */,
				00565DD92AFF88E70013501D /* Category */,
			);
			path = Expand;
			sourceTree = "<group>";
		};
		00565DD92AFF88E70013501D /* Category */ = {
			isa = PBXGroup;
			children = (
				00565DDA2AFF88E70013501D /* UIImage+Rotation.h */,
				00565DDB2AFF88E70013501D /* UIImage+Rotation.m */,
			);
			path = Category;
			sourceTree = "<group>";
		};
		00565DDC2AFF88E70013501D /* Functions */ = {
			isa = PBXGroup;
			children = (
				009D310F2B244EB500BEEF90 /* AboutPage */,
				0095D4B22B185DE700EE189E /* MainDataPage */,
				00565DDD2AFF88E70013501D /* ScanPage */,
			);
			path = Functions;
			sourceTree = "<group>";
		};
		00565DDD2AFF88E70013501D /* ScanPage */ = {
			isa = PBXGroup;
			children = (
				00565DDE2AFF88E70013501D /* Controller */,
				00565DE12AFF88E70013501D /* View */,
			);
			path = ScanPage;
			sourceTree = "<group>";
		};
		00565DDE2AFF88E70013501D /* Controller */ = {
			isa = PBXGroup;
			children = (
				00565DE02AFF88E70013501D /* MKScanController.h */,
				00565DDF2AFF88E70013501D /* MKScanController.m */,
			);
			path = Controller;
			sourceTree = "<group>";
		};
		00565DE12AFF88E70013501D /* View */ = {
			isa = PBXGroup;
			children = (
				00B1954D2B148AD800E4BF4A /* MKNBAddNearbyView.h */,
				00B1954E2B148AD800E4BF4A /* MKNBAddNearbyView.m */,
				009B06FB2B1EBF1600130DA8 /* MKNBAddHeaderView.h */,
				009B06FC2B1EBF1600130DA8 /* MKNBAddHeaderView.m */,
				009B06FE2B1EC21000130DA8 /* MKNBAddNearbyCell.h */,
				009B06FF2B1EC21000130DA8 /* MKNBAddNearbyCell.m */,
			);
			path = View;
			sourceTree = "<group>";
		};
		0095D4B22B185DE700EE189E /* MainDataPage */ = {
			isa = PBXGroup;
			children = (
				0095D4B32B185DE700EE189E /* Controller */,
				0095D4B42B185DE700EE189E /* View */,
			);
			path = MainDataPage;
			sourceTree = "<group>";
		};
		0095D4B32B185DE700EE189E /* Controller */ = {
			isa = PBXGroup;
			children = (
				0095D4B52B185DF900EE189E /* MKNBMainDataController.h */,
				0095D4B62B185DF900EE189E /* MKNBMainDataController.m */,
			);
			path = Controller;
			sourceTree = "<group>";
		};
		0095D4B42B185DE700EE189E /* View */ = {
			isa = PBXGroup;
			children = (
				0095D4B82B1860D500EE189E /* MKNBMainDataView.h */,
				0095D4B92B1860D500EE189E /* MKNBMainDataView.m */,
				0095D4BB2B18724300EE189E /* MKNBCirclePatternView.h */,
				0095D4BC2B18724300EE189E /* MKNBCirclePatternView.m */,
				009BC1CB2B1D79AB00AA3112 /* MKNBArrowView.h */,
				009BC1CC2B1D79AB00AA3112 /* MKNBArrowView.m */,
				00A0092A2B21992E00247122 /* MKNBErrorView.h */,
				00A0092B2B21992E00247122 /* MKNBErrorView.m */,
			);
			path = View;
			sourceTree = "<group>";
		};
		009D310F2B244EB500BEEF90 /* AboutPage */ = {
			isa = PBXGroup;
			children = (
				009D31102B244EB500BEEF90 /* Controller */,
				009D31112B244EB500BEEF90 /* View */,
			);
			path = AboutPage;
			sourceTree = "<group>";
		};
		009D31102B244EB500BEEF90 /* Controller */ = {
			isa = PBXGroup;
			children = (
				009D31152B244ED900BEEF90 /* MKNBAboutController.h */,
				009D31162B244ED900BEEF90 /* MKNBAboutController.m */,
			);
			path = Controller;
			sourceTree = "<group>";
		};
		009D31112B244EB500BEEF90 /* View */ = {
			isa = PBXGroup;
			children = (
				009D31122B244ECA00BEEF90 /* MKNBAboutCell.h */,
				009D31132B244ECA00BEEF90 /* MKNBAboutCell.m */,
			);
			path = View;
			sourceTree = "<group>";
		};
		00A002C72B215EC400247122 /* CommonTools */ = {
			isa = PBXGroup;
			children = (
				00A002C82B215ECE00247122 /* MKNBCommonTools.h */,
				00A002C92B215ECE00247122 /* MKNBCommonTools.m */,
			);
			path = CommonTools;
			sourceTree = "<group>";
		};
		00A0091A2B217C5700247122 /* WaveView */ = {
			isa = PBXGroup;
			children = (
				00A0091B2B217C5700247122 /* MKNBWaterWaveView.h */,
				00A0091C2B217C5700247122 /* MKNBWaterWaveView.m */,
			);
			path = WaveView;
			sourceTree = "<group>";
		};
		00A0091E2B217C6100247122 /* LoadingLabel */ = {
			isa = PBXGroup;
			children = (
				00A0091F2B217C8600247122 /* MKNBLoadingLabel.h */,
				00A009202B217C8600247122 /* MKNBLoadingLabel.m */,
			);
			path = LoadingLabel;
			sourceTree = "<group>";
		};
		00A009262B21988E00247122 /* EmitterLayerView */ = {
			isa = PBXGroup;
			children = (
				00A009272B21989800247122 /* EmitterLayerView.h */,
				00A009282B21989800247122 /* EmitterLayerView.m */,
			);
			path = EmitterLayerView;
			sourceTree = "<group>";
		};
		6003F581195388D10070C39A = {
			isa = PBXGroup;
			children = (
				60FF7A9C1954A5C5007DD14C /* Podspec Metadata */,
				6003F593195388D20070C39A /* Example for MKNearbyInteraction */,
				6003F5B5195388D20070C39A /* Tests */,
				6003F58C195388D20070C39A /* Frameworks */,
				6003F58B195388D20070C39A /* Products */,
				9BD1387FB23054F44FC6E0D7 /* Pods */,
			);
			sourceTree = "<group>";
		};
		6003F58B195388D20070C39A /* Products */ = {
			isa = PBXGroup;
			children = (
				6003F58A195388D20070C39A /* MKNearbyInteraction_Example.app */,
				6003F5AE195388D20070C39A /* MKNearbyInteraction_Tests.xctest */,
			);
			name = Products;
			sourceTree = "<group>";
		};
		6003F58C195388D20070C39A /* Frameworks */ = {
			isa = PBXGroup;
			children = (
				00D71B982B00BE8D00549F9F /* RealityFoundation.framework */,
				00D71B992B00BE8D00549F9F /* RealityKit.framework */,
				00D71B962B00BE7B00549F9F /* NearbyInteraction.framework */,
				6003F58D195388D20070C39A /* Foundation.framework */,
				6003F58F195388D20070C39A /* CoreGraphics.framework */,
				6003F591195388D20070C39A /* UIKit.framework */,
				6003F5AF195388D20070C39A /* XCTest.framework */,
				81E5C4B35AFAE010FAF4D259 /* Pods_MKNearbyInteraction_Example.framework */,
			);
			name = Frameworks;
			sourceTree = "<group>";
		};
		6003F593195388D20070C39A /* Example for MKNearbyInteraction */ = {
			isa = PBXGroup;
			children = (
				00565DD82AFF88E70013501D /* Expand */,
				00565DDC2AFF88E70013501D /* Functions */,
				00565DD22AFF88E70013501D /* Resource */,
				6003F59C195388D20070C39A /* MKAppDelegate.h */,
				6003F59D195388D20070C39A /* MKAppDelegate.m */,
				71719F9D1E33DC2100824A3D /* LaunchScreen.storyboard */,
				6003F5A8195388D20070C39A /* Images.xcassets */,
				6003F594195388D20070C39A /* Supporting Files */,
			);
			name = "Example for MKNearbyInteraction";
			path = MKNearbyInteraction;
			sourceTree = "<group>";
		};
		6003F594195388D20070C39A /* Supporting Files */ = {
			isa = PBXGroup;
			children = (
				6003F595195388D20070C39A /* MKNearbyInteraction-Info.plist */,
				6003F596195388D20070C39A /* InfoPlist.strings */,
				6003F599195388D20070C39A /* main.m */,
				6003F59B195388D20070C39A /* MKNearbyInteraction-Prefix.pch */,
			);
			name = "Supporting Files";
			sourceTree = "<group>";
		};
		6003F5B5195388D20070C39A /* Tests */ = {
			isa = PBXGroup;
			children = (
				6003F5BB195388D20070C39A /* Tests.m */,
				6003F5B6195388D20070C39A /* Supporting Files */,
			);
			path = Tests;
			sourceTree = "<group>";
		};
		6003F5B6195388D20070C39A /* Supporting Files */ = {
			isa = PBXGroup;
			children = (
				6003F5B7195388D20070C39A /* Tests-Info.plist */,
				6003F5B8195388D20070C39A /* InfoPlist.strings */,
				606FC2411953D9B200FFA9A0 /* Tests-Prefix.pch */,
			);
			name = "Supporting Files";
			sourceTree = "<group>";
		};
		60FF7A9C1954A5C5007DD14C /* Podspec Metadata */ = {
			isa = PBXGroup;
			children = (
				842E51EE39DCBC09F4208E70 /* MKNearbyInteraction.podspec */,
				A9EA15E586D52106162DD025 /* README.md */,
				856A32DA2FD19DDCE78BC428 /* LICENSE */,
			);
			name = "Podspec Metadata";
			sourceTree = "<group>";
		};
		9BD1387FB23054F44FC6E0D7 /* Pods */ = {
			isa = PBXGroup;
			children = (
				5DE0DD97AFED6BDBBA84C411 /* Pods-MKNearbyInteraction_Example.debug.xcconfig */,
				58738F0DD22B07492F53FDAD /* Pods-MKNearbyInteraction_Example.release.xcconfig */,
				FB7DE1E7E234391C4EEECAD0 /* Pods-MKNearbyInteraction_Example.adhoc.xcconfig */,
			);
			path = Pods;
			sourceTree = "<group>";
		};
/* End PBXGroup section */

/* Begin PBXNativeTarget section */
		6003F589195388D20070C39A /* MKNearbyInteraction_Example */ = {
			isa = PBXNativeTarget;
			buildConfigurationList = 6003F5BF195388D20070C39A /* Build configuration list for PBXNativeTarget "MKNearbyInteraction_Example" */;
			buildPhases = (
				5D6C1B0A6437027D196C0342 /* [CP] Check Pods Manifest.lock */,
				6003F586195388D20070C39A /* Sources */,
				6003F587195388D20070C39A /* Frameworks */,
				6003F588195388D20070C39A /* Resources */,
				83F99B89354022F5039C37F3 /* [CP] Embed Pods Frameworks */,
			);
			buildRules = (
			);
			dependencies = (
			);
			name = MKNearbyInteraction_Example;
			productName = MKNearbyInteraction;
			productReference = 6003F58A195388D20070C39A /* MKNearbyInteraction_Example.app */;
			productType = "com.apple.product-type.application";
		};
		6003F5AD195388D20070C39A /* MKNearbyInteraction_Tests */ = {
			isa = PBXNativeTarget;
			buildConfigurationList = 6003F5C2195388D20070C39A /* Build configuration list for PBXNativeTarget "MKNearbyInteraction_Tests" */;
			buildPhases = (
				6003F5AA195388D20070C39A /* Sources */,
				6003F5AB195388D20070C39A /* Frameworks */,
				6003F5AC195388D20070C39A /* Resources */,
			);
			buildRules = (
			);
			dependencies = (
				6003F5B4195388D20070C39A /* PBXTargetDependency */,
			);
			name = MKNearbyInteraction_Tests;
			productName = MKNearbyInteractionTests;
			productReference = 6003F5AE195388D20070C39A /* MKNearbyInteraction_Tests.xctest */;
			productType = "com.apple.product-type.bundle.unit-test";
		};
/* End PBXNativeTarget section */

/* Begin PBXProject section */
		6003F582195388D10070C39A /* Project object */ = {
			isa = PBXProject;
			attributes = {
				CLASSPREFIX = MKNB;
				LastUpgradeCheck = 0720;
				ORGANIZATIONNAME = lovexiaoxia;
				TargetAttributes = {
					6003F589195388D20070C39A = {
						DevelopmentTeam = R558LEUW2T;
						ProvisioningStyle = Automatic;
					};
					6003F5AD195388D20070C39A = {
						TestTargetID = 6003F589195388D20070C39A;
					};
				};
			};
			buildConfigurationList = 6003F585195388D10070C39A /* Build configuration list for PBXProject "MKNearbyInteraction" */;
			compatibilityVersion = "Xcode 3.2";
			developmentRegion = en;
			hasScannedForEncodings = 0;
			knownRegions = (
				en,
				Base,
			);
			mainGroup = 6003F581195388D10070C39A;
			productRefGroup = 6003F58B195388D20070C39A /* Products */;
			projectDirPath = "";
			projectRoot = "";
			targets = (
				6003F589195388D20070C39A /* MKNearbyInteraction_Example */,
				6003F5AD195388D20070C39A /* MKNearbyInteraction_Tests */,
			);
		};
/* End PBXProject section */

/* Begin PBXResourcesBuildPhase section */
		6003F588195388D20070C39A /* Resources */ = {
			isa = PBXResourcesBuildPhase;
			buildActionMask = 2147483647;
			files = (
				009D31262B24509600BEEF90 /* addUsIcon@3x.png in Resources */,
				009AFE1B2B16E2AE00119397 /* clearButtonIcon@3x.png in Resources */,
				00A009332B219D3C00247122 /* snow_white_icon@2x.png in Resources */,
				009D31272B24509600BEEF90 /* aboutIcon@3x.png in Resources */,
				009D310E2B244B3200BEEF90 /* startButtonIcon@2x.png in Resources */,
				009D310D2B244B3200BEEF90 /* startButtonIcon@3x.png in Resources */,
				009AFE342B17461C00119397 /* nearbyApplication4@3x.png in Resources */,
				009AFE332B17461C00119397 /* nearbyApplication2@2x.png in Resources */,
				00A009322B219D3C00247122 /* snow_black_icon@3x.png in Resources */,
				009AFE3A2B17461C00119397 /* nearbyApplication3@2x.png in Resources */,
				009AFE392B17461C00119397 /* nearbyApplication5@3x.png in Resources */,
				00A009242B2180E300247122 /* close_icon@2x.png in Resources */,
				009AFE362B17461C00119397 /* nearbyApplication2@3x.png in Resources */,
				009BC1C92B1D795400AA3112 /* white_Arrow@2x.png in Resources */,
				00B883432B036B6B00246B17 /* switchUnselectedIcon@2x.png in Resources */,
				009D31222B24509600BEEF90 /* rightAboutIcon@3x.png in Resources */,
				009AFE372B17461C00119397 /* nearbyApplication3@3x.png in Resources */,
				009D312A2B24509600BEEF90 /* addUsIcon@2x.png in Resources */,
				009AFE202B16E57900119397 /* deviceIcon@3x.png in Resources */,
				00A005F22B21647B00247122 /* elevation_icon@3x.png in Resources */,
				00A009312B219D3C00247122 /* snow_white_icon@3x.png in Resources */,
				00A009342B219D3C00247122 /* snow_black_icon@2x.png in Resources */,
				009AFE1F2B16E57900119397 /* deviceIcon@2x.png in Resources */,
				00B883442B036B6B00246B17 /* switchUnselectedIcon@3x.png in Resources */,
				71719F9F1E33DC2100824A3D /* LaunchScreen.storyboard in Resources */,
				009D312B2B24509600BEEF90 /* shouceIcon@3x.png in Resources */,
				009AFE1C2B16E2AE00119397 /* clearButtonIcon@2x.png in Resources */,
				009AFE322B17461C00119397 /* nearbyApplication1@2x.png in Resources */,
				009AFE352B17461C00119397 /* nearbyApplication5@2x.png in Resources */,
				009AFE3B2B17461C00119397 /* nearbyApplication4@2x.png in Resources */,
				6003F5A9195388D20070C39A /* Images.xcassets in Resources */,
				009D31282B24509600BEEF90 /* aboutIcon@2x.png in Resources */,
				00B883422B036B6B00246B17 /* switchSelectedIcon@3x.png in Resources */,
				009D31292B24509600BEEF90 /* shouceIcon@2x.png in Resources */,
				009D31252B24509600BEEF90 /* faxIcon@2x.png in Resources */,
				009BC1CA2B1D795400AA3112 /* white_Arrow@3x.png in Resources */,
				00A005F32B21647B00247122 /* azimuth_icon@2x.png in Resources */,
				6003F598195388D20070C39A /* InfoPlist.strings in Resources */,
				009AFE382B17461C00119397 /* nearbyApplication1@3x.png in Resources */,
				009B0A252B1F226F00130DA8 /* closeIcon@3x.png in Resources */,
				00B883452B036B6B00246B17 /* switchSelectedIcon@2x.png in Resources */,
				00A009152B21647C00247122 /* azimuth_icon@3x.png in Resources */,
				009B0D472B1F226F00130DA8 /* closeIcon@2x.png in Resources */,
				009D31242B24509600BEEF90 /* rightAboutIcon@2x.png in Resources */,
				00A009252B2180E300247122 /* close_icon@3x.png in Resources */,
				009D31232B24509600BEEF90 /* faxIcon@3x.png in Resources */,
				00A005F12B21647B00247122 /* elevation_icon@2x.png in Resources */,
			);
			runOnlyForDeploymentPostprocessing = 0;
		};
		6003F5AC195388D20070C39A /* Resources */ = {
			isa = PBXResourcesBuildPhase;
			buildActionMask = 2147483647;
			files = (
				6003F5BA195388D20070C39A /* InfoPlist.strings in Resources */,
			);
			runOnlyForDeploymentPostprocessing = 0;
		};
/* End PBXResourcesBuildPhase section */

/* Begin PBXShellScriptBuildPhase section */
		5D6C1B0A6437027D196C0342 /* [CP] Check Pods Manifest.lock */ = {
			isa = PBXShellScriptBuildPhase;
			buildActionMask = 2147483647;
			files = (
			);
			inputFileListPaths = (
			);
			inputPaths = (
				"${PODS_PODFILE_DIR_PATH}/Podfile.lock",
				"${PODS_ROOT}/Manifest.lock",
			);
			name = "[CP] Check Pods Manifest.lock";
			outputFileListPaths = (
			);
			outputPaths = (
				"$(DERIVED_FILE_DIR)/Pods-MKNearbyInteraction_Example-checkManifestLockResult.txt",
			);
			runOnlyForDeploymentPostprocessing = 0;
			shellPath = /bin/sh;
			shellScript = "diff \"${PODS_PODFILE_DIR_PATH}/Podfile.lock\" \"${PODS_ROOT}/Manifest.lock\" > /dev/null\nif [ $? != 0 ] ; then\n    # print error to STDERR\n    echo \"error: The sandbox is not in sync with the Podfile.lock. Run 'pod install' or update your CocoaPods installation.\" >&2\n    exit 1\nfi\n# This output is used by Xcode 'outputs' to avoid re-running this script phase.\necho \"SUCCESS\" > \"${SCRIPT_OUTPUT_FILE_0}\"\n";
			showEnvVarsInLog = 0;
		};
		83F99B89354022F5039C37F3 /* [CP] Embed Pods Frameworks */ = {
			isa = PBXShellScriptBuildPhase;
			buildActionMask = 2147483647;
			files = (
			);
			inputPaths = (
				"${PODS_ROOT}/Target Support Files/Pods-MKNearbyInteraction_Example/Pods-MKNearbyInteraction_Example-frameworks.sh",
				"${BUILT_PRODUCTS_DIR}/CircleProgressBar/CircleProgressBar.framework",
				"${BUILT_PRODUCTS_DIR}/CocoaLumberjack/CocoaLumberjack.framework",
				"${BUILT_PRODUCTS_DIR}/MBProgressHUD/MBProgressHUD.framework",
				"${BUILT_PRODUCTS_DIR}/MJRefresh/MJRefresh.framework",
				"${BUILT_PRODUCTS_DIR}/MKBaseBleModule/MKBaseBleModule.framework",
				"${BUILT_PRODUCTS_DIR}/MKBaseModuleLibrary/MKBaseModuleLibrary.framework",
				"${BUILT_PRODUCTS_DIR}/MKCustomUIModule/MKCustomUIModule.framework",
				"${BUILT_PRODUCTS_DIR}/MKNearbyInteraction/MKNearbyInteraction.framework",
				"${BUILT_PRODUCTS_DIR}/MLInputDodger/MLInputDodger.framework",
				"${BUILT_PRODUCTS_DIR}/Masonry/Masonry.framework",
				"${BUILT_PRODUCTS_DIR}/SDCycleScrollView/SDCycleScrollView.framework",
				"${BUILT_PRODUCTS_DIR}/SDWebImage/SDWebImage.framework",
				"${BUILT_PRODUCTS_DIR}/SSZipArchive/SSZipArchive.framework",
				"${BUILT_PRODUCTS_DIR}/SVGKit/SVGKit.framework",
				"${BUILT_PRODUCTS_DIR}/SYNoticeBrowseLabel/SYNoticeBrowseLabel.framework",
				"${BUILT_PRODUCTS_DIR}/Toast/Toast.framework",
				"${BUILT_PRODUCTS_DIR}/WRNavigationBar/WRNavigationBar.framework",
				"${BUILT_PRODUCTS_DIR}/libxlsxwriter/xlsxwriter.framework",
			);
			name = "[CP] Embed Pods Frameworks";
			outputPaths = (
				"${TARGET_BUILD_DIR}/${FRAMEWORKS_FOLDER_PATH}/CircleProgressBar.framework",
				"${TARGET_BUILD_DIR}/${FRAMEWORKS_FOLDER_PATH}/CocoaLumberjack.framework",
				"${TARGET_BUILD_DIR}/${FRAMEWORKS_FOLDER_PATH}/MBProgressHUD.framework",
				"${TARGET_BUILD_DIR}/${FRAMEWORKS_FOLDER_PATH}/MJRefresh.framework",
				"${TARGET_BUILD_DIR}/${FRAMEWORKS_FOLDER_PATH}/MKBaseBleModule.framework",
				"${TARGET_BUILD_DIR}/${FRAMEWORKS_FOLDER_PATH}/MKBaseModuleLibrary.framework",
				"${TARGET_BUILD_DIR}/${FRAMEWORKS_FOLDER_PATH}/MKCustomUIModule.framework",
				"${TARGET_BUILD_DIR}/${FRAMEWORKS_FOLDER_PATH}/MKNearbyInteraction.framework",
				"${TARGET_BUILD_DIR}/${FRAMEWORKS_FOLDER_PATH}/MLInputDodger.framework",
				"${TARGET_BUILD_DIR}/${FRAMEWORKS_FOLDER_PATH}/Masonry.framework",
				"${TARGET_BUILD_DIR}/${FRAMEWORKS_FOLDER_PATH}/SDCycleScrollView.framework",
				"${TARGET_BUILD_DIR}/${FRAMEWORKS_FOLDER_PATH}/SDWebImage.framework",
				"${TARGET_BUILD_DIR}/${FRAMEWORKS_FOLDER_PATH}/SSZipArchive.framework",
				"${TARGET_BUILD_DIR}/${FRAMEWORKS_FOLDER_PATH}/SVGKit.framework",
				"${TARGET_BUILD_DIR}/${FRAMEWORKS_FOLDER_PATH}/SYNoticeBrowseLabel.framework",
				"${TARGET_BUILD_DIR}/${FRAMEWORKS_FOLDER_PATH}/Toast.framework",
				"${TARGET_BUILD_DIR}/${FRAMEWORKS_FOLDER_PATH}/WRNavigationBar.framework",
				"${TARGET_BUILD_DIR}/${FRAMEWORKS_FOLDER_PATH}/xlsxwriter.framework",
			);
			runOnlyForDeploymentPostprocessing = 0;
			shellPath = /bin/sh;
			shellScript = "\"${PODS_ROOT}/Target Support Files/Pods-MKNearbyInteraction_Example/Pods-MKNearbyInteraction_Example-frameworks.sh\"\n";
			showEnvVarsInLog = 0;
		};
/* End PBXShellScriptBuildPhase section */

/* Begin PBXSourcesBuildPhase section */
		6003F586195388D20070C39A /* Sources */ = {
			isa = PBXSourcesBuildPhase;
			buildActionMask = 2147483647;
			files = (
				00A009292B21989800247122 /* EmitterLayerView.m in Sources */,
				009D31172B244ED900BEEF90 /* MKNBAboutController.m in Sources */,
				6003F59E195388D20070C39A /* MKAppDelegate.m in Sources */,
				00A0091D2B217C5700247122 /* MKNBWaterWaveView.m in Sources */,
				00565DF02AFF88E70013501D /* UIImage+Rotation.m in Sources */,
				009D31142B244ECA00BEEF90 /* MKNBAboutCell.m in Sources */,
				00A002CA2B215ECE00247122 /* MKNBCommonTools.m in Sources */,
				00565DF12AFF88E70013501D /* MKScanController.m in Sources */,
				0095D4BD2B18724300EE189E /* MKNBCirclePatternView.m in Sources */,
				00A0092C2B21992E00247122 /* MKNBErrorView.m in Sources */,
				0095D4B72B185DF900EE189E /* MKNBMainDataController.m in Sources */,
				0095D4BA2B1860D500EE189E /* MKNBMainDataView.m in Sources */,
				00B1954F2B148AD800E4BF4A /* MKNBAddNearbyView.m in Sources */,
				009B07002B1EC21000130DA8 /* MKNBAddNearbyCell.m in Sources */,
				009BC1CD2B1D79AB00AA3112 /* MKNBArrowView.m in Sources */,
				00A009212B217C8600247122 /* MKNBLoadingLabel.m in Sources */,
				009B06FD2B1EBF1600130DA8 /* MKNBAddHeaderView.m in Sources */,
				6003F59A195388D20070C39A /* main.m in Sources */,
			);
			runOnlyForDeploymentPostprocessing = 0;
		};
		6003F5AA195388D20070C39A /* Sources */ = {
			isa = PBXSourcesBuildPhase;
			buildActionMask = 2147483647;
			files = (
				6003F5BC195388D20070C39A /* Tests.m in Sources */,
			);
			runOnlyForDeploymentPostprocessing = 0;
		};
/* End PBXSourcesBuildPhase section */

/* Begin PBXTargetDependency section */
		6003F5B4195388D20070C39A /* PBXTargetDependency */ = {
			isa = PBXTargetDependency;
			target = 6003F589195388D20070C39A /* MKNearbyInteraction_Example */;
			targetProxy = 6003F5B3195388D20070C39A /* PBXContainerItemProxy */;
		};
/* End PBXTargetDependency section */

/* Begin PBXVariantGroup section */
		6003F596195388D20070C39A /* InfoPlist.strings */ = {
			isa = PBXVariantGroup;
			children = (
				6003F597195388D20070C39A /* en */,
			);
			name = InfoPlist.strings;
			sourceTree = "<group>";
		};
		6003F5B8195388D20070C39A /* InfoPlist.strings */ = {
			isa = PBXVariantGroup;
			children = (
				6003F5B9195388D20070C39A /* en */,
			);
			name = InfoPlist.strings;
			sourceTree = "<group>";
		};
		71719F9D1E33DC2100824A3D /* LaunchScreen.storyboard */ = {
			isa = PBXVariantGroup;
			children = (
				71719F9E1E33DC2100824A3D /* Base */,
			);
			name = LaunchScreen.storyboard;
			sourceTree = "<group>";
		};
/* End PBXVariantGroup section */

/* Begin XCBuildConfiguration section */
		009B0D482B1F286D00130DA8 /* adhoc */ = {
			isa = XCBuildConfiguration;
			buildSettings = {
				ALWAYS_SEARCH_USER_PATHS = NO;
				CLANG_CXX_LANGUAGE_STANDARD = "gnu++0x";
				CLANG_CXX_LIBRARY = "libc++";
				CLANG_ENABLE_MODULES = YES;
				CLANG_ENABLE_OBJC_ARC = YES;
				CLANG_WARN_BOOL_CONVERSION = YES;
				CLANG_WARN_CONSTANT_CONVERSION = YES;
				CLANG_WARN_DIRECT_OBJC_ISA_USAGE = YES_ERROR;
				CLANG_WARN_EMPTY_BODY = YES;
				CLANG_WARN_ENUM_CONVERSION = YES;
				CLANG_WARN_INT_CONVERSION = YES;
				CLANG_WARN_OBJC_ROOT_CLASS = YES_ERROR;
				CLANG_WARN__DUPLICATE_METHOD_MATCH = YES;
				"CODE_SIGN_IDENTITY[sdk=iphoneos*]" = "iPhone Developer";
				COPY_PHASE_STRIP = NO;
				ENABLE_TESTABILITY = YES;
				GCC_C_LANGUAGE_STANDARD = gnu99;
				GCC_DYNAMIC_NO_PIC = NO;
				GCC_OPTIMIZATION_LEVEL = 0;
				GCC_PREPROCESSOR_DEFINITIONS = (
					"DEBUG=1",
					"$(inherited)",
				);
				GCC_SYMBOLS_PRIVATE_EXTERN = NO;
				GCC_WARN_64_TO_32_BIT_CONVERSION = YES;
				GCC_WARN_ABOUT_RETURN_TYPE = YES_ERROR;
				GCC_WARN_UNDECLARED_SELECTOR = YES;
				GCC_WARN_UNINITIALIZED_AUTOS = YES_AGGRESSIVE;
				GCC_WARN_UNUSED_FUNCTION = YES;
				GCC_WARN_UNUSED_VARIABLE = YES;
				IPHONEOS_DEPLOYMENT_TARGET = 16.0;
				ONLY_ACTIVE_ARCH = YES;
				SDKROOT = iphoneos;
				TARGETED_DEVICE_FAMILY = "1,2";
			};
			name = adhoc;
		};
		009B0D492B1F286D00130DA8 /* adhoc */ = {
			isa = XCBuildConfiguration;
			baseConfigurationReference = FB7DE1E7E234391C4EEECAD0 /* Pods-MKNearbyInteraction_Example.adhoc.xcconfig */;
			buildSettings = {
				ASSETCATALOG_COMPILER_APPICON_NAME = AppIcon;
				CODE_SIGN_IDENTITY = "Apple Development";
				CODE_SIGN_STYLE = Automatic;
				CURRENT_PROJECT_VERSION = 2023121502;
				DEVELOPMENT_TEAM = R558LEUW2T;
				GCC_PRECOMPILE_PREFIX_HEADER = YES;
				GCC_PREFIX_HEADER = "MKNearbyInteraction/MKNearbyInteraction-Prefix.pch";
				INFOPLIST_FILE = "MKNearbyInteraction/MKNearbyInteraction-Info.plist";
				IPHONEOS_DEPLOYMENT_TARGET = 16.0;
				MODULE_NAME = ExampleApp;
				PRODUCT_BUNDLE_IDENTIFIER = com.moko.nearbyInteraction;
				PRODUCT_NAME = "$(TARGET_NAME)";
				PROVISIONING_PROFILE_SPECIFIER = "";
				SWIFT_VERSION = 4.0;
				WRAPPER_EXTENSION = app;
			};
			name = adhoc;
		};
		009B0D4A2B1F286D00130DA8 /* adhoc */ = {
			isa = XCBuildConfiguration;
			buildSettings = {
				BUNDLE_LOADER = "$(TEST_HOST)";
				FRAMEWORK_SEARCH_PATHS = (
					"$(PLATFORM_DIR)/Developer/Library/Frameworks",
					"$(inherited)",
					"$(DEVELOPER_FRAMEWORKS_DIR)",
				);
				GCC_PRECOMPILE_PREFIX_HEADER = YES;
				GCC_PREFIX_HEADER = "Tests/Tests-Prefix.pch";
				GCC_PREPROCESSOR_DEFINITIONS = (
					"DEBUG=1",
					"$(inherited)",
				);
				INFOPLIST_FILE = "Tests/Tests-Info.plist";
				PRODUCT_BUNDLE_IDENTIFIER = "org.cocoapods.demo.${PRODUCT_NAME:rfc1034identifier}";
				PRODUCT_NAME = "$(TARGET_NAME)";
				SWIFT_VERSION = 4.0;
				TEST_HOST = "$(BUILT_PRODUCTS_DIR)/MKNearbyInteraction_Example.app/MKNearbyInteraction_Example";
				WRAPPER_EXTENSION = xctest;
			};
			name = adhoc;
		};
		6003F5BD195388D20070C39A /* Debug */ = {
			isa = XCBuildConfiguration;
			buildSettings = {
				ALWAYS_SEARCH_USER_PATHS = NO;
				CLANG_CXX_LANGUAGE_STANDARD = "gnu++0x";
				CLANG_CXX_LIBRARY = "libc++";
				CLANG_ENABLE_MODULES = YES;
				CLANG_ENABLE_OBJC_ARC = YES;
				CLANG_WARN_BOOL_CONVERSION = YES;
				CLANG_WARN_CONSTANT_CONVERSION = YES;
				CLANG_WARN_DIRECT_OBJC_ISA_USAGE = YES_ERROR;
				CLANG_WARN_EMPTY_BODY = YES;
				CLANG_WARN_ENUM_CONVERSION = YES;
				CLANG_WARN_INT_CONVERSION = YES;
				CLANG_WARN_OBJC_ROOT_CLASS = YES_ERROR;
				CLANG_WARN__DUPLICATE_METHOD_MATCH = YES;
				"CODE_SIGN_IDENTITY[sdk=iphoneos*]" = "iPhone Developer";
				COPY_PHASE_STRIP = NO;
				ENABLE_TESTABILITY = YES;
				GCC_C_LANGUAGE_STANDARD = gnu99;
				GCC_DYNAMIC_NO_PIC = NO;
				GCC_OPTIMIZATION_LEVEL = 0;
				GCC_PREPROCESSOR_DEFINITIONS = (
					"DEBUG=1",
					"$(inherited)",
				);
				GCC_SYMBOLS_PRIVATE_EXTERN = NO;
				GCC_WARN_64_TO_32_BIT_CONVERSION = YES;
				GCC_WARN_ABOUT_RETURN_TYPE = YES_ERROR;
				GCC_WARN_UNDECLARED_SELECTOR = YES;
				GCC_WARN_UNINITIALIZED_AUTOS = YES_AGGRESSIVE;
				GCC_WARN_UNUSED_FUNCTION = YES;
				GCC_WARN_UNUSED_VARIABLE = YES;
				IPHONEOS_DEPLOYMENT_TARGET = 16.0;
				ONLY_ACTIVE_ARCH = YES;
				SDKROOT = iphoneos;
				TARGETED_DEVICE_FAMILY = "1,2";
			};
			name = Debug;
		};
		6003F5BE195388D20070C39A /* Release */ = {
			isa = XCBuildConfiguration;
			buildSettings = {
				ALWAYS_SEARCH_USER_PATHS = NO;
				CLANG_CXX_LANGUAGE_STANDARD = "gnu++0x";
				CLANG_CXX_LIBRARY = "libc++";
				CLANG_ENABLE_MODULES = YES;
				CLANG_ENABLE_OBJC_ARC = YES;
				CLANG_WARN_BOOL_CONVERSION = YES;
				CLANG_WARN_CONSTANT_CONVERSION = YES;
				CLANG_WARN_DIRECT_OBJC_ISA_USAGE = YES_ERROR;
				CLANG_WARN_EMPTY_BODY = YES;
				CLANG_WARN_ENUM_CONVERSION = YES;
				CLANG_WARN_INT_CONVERSION = YES;
				CLANG_WARN_OBJC_ROOT_CLASS = YES_ERROR;
				CLANG_WARN__DUPLICATE_METHOD_MATCH = YES;
				"CODE_SIGN_IDENTITY[sdk=iphoneos*]" = "iPhone Developer";
				COPY_PHASE_STRIP = YES;
				ENABLE_NS_ASSERTIONS = NO;
				GCC_C_LANGUAGE_STANDARD = gnu99;
				GCC_WARN_64_TO_32_BIT_CONVERSION = YES;
				GCC_WARN_ABOUT_RETURN_TYPE = YES_ERROR;
				GCC_WARN_UNDECLARED_SELECTOR = YES;
				GCC_WARN_UNINITIALIZED_AUTOS = YES_AGGRESSIVE;
				GCC_WARN_UNUSED_FUNCTION = YES;
				GCC_WARN_UNUSED_VARIABLE = YES;
				IPHONEOS_DEPLOYMENT_TARGET = 16.0;
				SDKROOT = iphoneos;
				TARGETED_DEVICE_FAMILY = "1,2";
				VALIDATE_PRODUCT = YES;
			};
			name = Release;
		};
		6003F5C0195388D20070C39A /* Debug */ = {
			isa = XCBuildConfiguration;
			baseConfigurationReference = 5DE0DD97AFED6BDBBA84C411 /* Pods-MKNearbyInteraction_Example.debug.xcconfig */;
			buildSettings = {
				ASSETCATALOG_COMPILER_APPICON_NAME = AppIcon;
				CODE_SIGN_IDENTITY = "Apple Development";
				CODE_SIGN_STYLE = Automatic;
				CURRENT_PROJECT_VERSION = 2023121502;
				DEVELOPMENT_TEAM = R558LEUW2T;
				GCC_PRECOMPILE_PREFIX_HEADER = YES;
				GCC_PREFIX_HEADER = "MKNearbyInteraction/MKNearbyInteraction-Prefix.pch";
				INFOPLIST_FILE = "MKNearbyInteraction/MKNearbyInteraction-Info.plist";
				IPHONEOS_DEPLOYMENT_TARGET = 16.0;
				MODULE_NAME = ExampleApp;
				PRODUCT_BUNDLE_IDENTIFIER = com.moko.nearbyInteraction;
				PRODUCT_NAME = "$(TARGET_NAME)";
				PROVISIONING_PROFILE_SPECIFIER = "";
				SWIFT_VERSION = 4.0;
				WRAPPER_EXTENSION = app;
			};
			name = Debug;
		};
		6003F5C1195388D20070C39A /* Release */ = {
			isa = XCBuildConfiguration;
			baseConfigurationReference = 58738F0DD22B07492F53FDAD /* Pods-MKNearbyInteraction_Example.release.xcconfig */;
			buildSettings = {
				ASSETCATALOG_COMPILER_APPICON_NAME = AppIcon;
				CODE_SIGN_IDENTITY = "Apple Development";
				CODE_SIGN_STYLE = Automatic;
				CURRENT_PROJECT_VERSION = 2023121502;
				DEVELOPMENT_TEAM = R558LEUW2T;
				GCC_PRECOMPILE_PREFIX_HEADER = YES;
				GCC_PREFIX_HEADER = "MKNearbyInteraction/MKNearbyInteraction-Prefix.pch";
				INFOPLIST_FILE = "MKNearbyInteraction/MKNearbyInteraction-Info.plist";
				IPHONEOS_DEPLOYMENT_TARGET = 16.0;
				MODULE_NAME = ExampleApp;
				PRODUCT_BUNDLE_IDENTIFIER = com.moko.nearbyInteraction;
				PRODUCT_NAME = "$(TARGET_NAME)";
				PROVISIONING_PROFILE_SPECIFIER = "";
				SWIFT_VERSION = 4.0;
				WRAPPER_EXTENSION = app;
			};
			name = Release;
		};
		6003F5C3195388D20070C39A /* Debug */ = {
			isa = XCBuildConfiguration;
			buildSettings = {
				BUNDLE_LOADER = "$(TEST_HOST)";
				FRAMEWORK_SEARCH_PATHS = (
					"$(PLATFORM_DIR)/Developer/Library/Frameworks",
					"$(inherited)",
					"$(DEVELOPER_FRAMEWORKS_DIR)",
				);
				GCC_PRECOMPILE_PREFIX_HEADER = YES;
				GCC_PREFIX_HEADER = "Tests/Tests-Prefix.pch";
				GCC_PREPROCESSOR_DEFINITIONS = (
					"DEBUG=1",
					"$(inherited)",
				);
				INFOPLIST_FILE = "Tests/Tests-Info.plist";
				PRODUCT_BUNDLE_IDENTIFIER = "org.cocoapods.demo.${PRODUCT_NAME:rfc1034identifier}";
				PRODUCT_NAME = "$(TARGET_NAME)";
				SWIFT_VERSION = 4.0;
				TEST_HOST = "$(BUILT_PRODUCTS_DIR)/MKNearbyInteraction_Example.app/MKNearbyInteraction_Example";
				WRAPPER_EXTENSION = xctest;
			};
			name = Debug;
		};
		6003F5C4195388D20070C39A /* Release */ = {
			isa = XCBuildConfiguration;
			buildSettings = {
				BUNDLE_LOADER = "$(TEST_HOST)";
				FRAMEWORK_SEARCH_PATHS = (
					"$(PLATFORM_DIR)/Developer/Library/Frameworks",
					"$(inherited)",
					"$(DEVELOPER_FRAMEWORKS_DIR)",
				);
				GCC_PRECOMPILE_PREFIX_HEADER = YES;
				GCC_PREFIX_HEADER = "Tests/Tests-Prefix.pch";
				INFOPLIST_FILE = "Tests/Tests-Info.plist";
				PRODUCT_BUNDLE_IDENTIFIER = "org.cocoapods.demo.${PRODUCT_NAME:rfc1034identifier}";
				PRODUCT_NAME = "$(TARGET_NAME)";
				SWIFT_VERSION = 4.0;
				TEST_HOST = "$(BUILT_PRODUCTS_DIR)/MKNearbyInteraction_Example.app/MKNearbyInteraction_Example";
				WRAPPER_EXTENSION = xctest;
			};
			name = Release;
		};
/* End XCBuildConfiguration section */

/* Begin XCConfigurationList section */
		6003F585195388D10070C39A /* Build configuration list for PBXProject "MKNearbyInteraction" */ = {
			isa = XCConfigurationList;
			buildConfigurations = (
				6003F5BD195388D20070C39A /* Debug */,
				009B0D482B1F286D00130DA8 /* adhoc */,
				6003F5BE195388D20070C39A /* Release */,
			);
			defaultConfigurationIsVisible = 0;
			defaultConfigurationName = Release;
		};
		6003F5BF195388D20070C39A /* Build configuration list for PBXNativeTarget "MKNearbyInteraction_Example" */ = {
			isa = XCConfigurationList;
			buildConfigurations = (
				6003F5C0195388D20070C39A /* Debug */,
				009B0D492B1F286D00130DA8 /* adhoc */,
				6003F5C1195388D20070C39A /* Release */,
			);
			defaultConfigurationIsVisible = 0;
			defaultConfigurationName = Release;
		};
		6003F5C2195388D20070C39A /* Build configuration list for PBXNativeTarget "MKNearbyInteraction_Tests" */ = {
			isa = XCConfigurationList;
			buildConfigurations = (
				6003F5C3195388D20070C39A /* Debug */,
				009B0D4A2B1F286D00130DA8 /* adhoc */,
				6003F5C4195388D20070C39A /* Release */,
			);
			defaultConfigurationIsVisible = 0;
			defaultConfigurationName = Release;
		};
/* End XCConfigurationList section */
	};
	rootObject = 6003F582195388D10070C39A /* Project object */;
}
